{
  "version": 4,
  "terraform_version": "1.9.4",
  "serial": 203,
  "lineage": "141bccdf-056e-6b68-668f-b0a0f794507e",
  "outputs": {
    "alb_endpoint_uri": {
      "value": "terraform-workshop-alb-834209773.eu-central-1.elb.amazonaws.com",
      "type": "string"
    },
    "alb_endpoint_url": {
      "value": "https://terraform-workshop-alb-834209773.eu-central-1.elb.amazonaws.com",
      "type": "string"
    },
    "cloudfront_endpoint_url": {
      "value": "https://d25bsxbuqtwhrl.cloudfront.net",
      "type": "string"
    }
  },
  "resources": [
    {
      "mode": "data",
      "type": "aws_ami",
      "name": "linux",
      "provider": "provider[\"registry.terraform.io/hashicorp/aws\"]",
      "instances": [
        {
          "schema_version": 0,
          "attributes": {
            "architecture": "x86_64",
            "arn": "arn:aws:ec2:eu-central-1::image/ami-0de02246788e4a354",
            "block_device_mappings": [
              {
                "device_name": "/dev/xvda",
                "ebs": {
                  "delete_on_termination": "true",
                  "encrypted": "false",
                  "iops": "3000",
                  "snapshot_id": "snap-0d6d0b57373de044c",
                  "throughput": "125",
                  "volume_size": "8",
                  "volume_type": "gp3"
                },
                "no_device": "",
                "virtual_name": ""
              }
            ],
            "boot_mode": "uefi-preferred",
            "creation_date": "2024-08-15T17:38:59.000Z",
            "deprecation_time": "2024-11-13T17:39:00.000Z",
            "description": "Amazon Linux 2023 AMI 2023.5.20240819.0 x86_64 HVM kernel-6.1",
            "ena_support": true,
            "executable_users": null,
            "filter": [
              {
                "name": "architecture",
                "values": [
                  "x86_64"
                ]
              }
            ],
            "hypervisor": "xen",
            "id": "ami-0de02246788e4a354",
            "image_id": "ami-0de02246788e4a354",
            "image_location": "amazon/al2023-ami-2023.5.20240819.0-kernel-6.1-x86_64",
            "image_owner_alias": "amazon",
            "image_type": "machine",
            "imds_support": "v2.0",
            "include_deprecated": false,
            "kernel_id": "",
            "most_recent": true,
            "name": "al2023-ami-2023.5.20240819.0-kernel-6.1-x86_64",
            "name_regex": "^al2023-ami-2023\\..*",
            "owner_id": "137112412989",
            "owners": [
              "amazon"
            ],
            "platform": "",
            "platform_details": "Linux/UNIX",
            "product_codes": [],
            "public": true,
            "ramdisk_id": "",
            "root_device_name": "/dev/xvda",
            "root_device_type": "ebs",
            "root_snapshot_id": "snap-0d6d0b57373de044c",
            "sriov_net_support": "simple",
            "state": "available",
            "state_reason": {
              "code": "UNSET",
              "message": "UNSET"
            },
            "tags": {},
            "timeouts": null,
            "tpm_support": "",
            "usage_operation": "RunInstances",
            "virtualization_type": "hvm"
          },
          "sensitive_attributes": []
        }
      ]
    },
    {
      "mode": "data",
      "type": "aws_availability_zones",
      "name": "available",
      "provider": "provider[\"registry.terraform.io/hashicorp/aws\"]",
      "instances": [
        {
          "schema_version": 0,
          "attributes": {
            "all_availability_zones": null,
            "exclude_names": null,
            "exclude_zone_ids": null,
            "filter": null,
            "group_names": [
              "eu-central-1"
            ],
            "id": "eu-central-1",
            "names": [
              "eu-central-1a",
              "eu-central-1b",
              "eu-central-1c"
            ],
            "state": "available",
            "timeouts": null,
            "zone_ids": [
              "euc1-az2",
              "euc1-az3",
              "euc1-az1"
            ]
          },
          "sensitive_attributes": []
        }
      ]
    },
    {
      "mode": "data",
      "type": "aws_iam_policy",
      "name": "administrator",
      "provider": "provider[\"registry.terraform.io/hashicorp/aws\"]",
      "instances": [
        {
          "schema_version": 0,
          "attributes": {
            "arn": "arn:aws:iam::aws:policy/AdministratorAccess",
            "attachment_count": 1,
            "description": "Provides full access to AWS services and resources.",
            "id": "arn:aws:iam::aws:policy/AdministratorAccess",
            "name": "AdministratorAccess",
            "path": "/",
            "path_prefix": null,
            "policy": "{\n  \"Version\": \"2012-10-17\",\n  \"Statement\": [\n    {\n      \"Effect\": \"Allow\",\n      \"Action\": \"*\",\n      \"Resource\": \"*\"\n    }\n  ]\n}",
            "policy_id": "ANPAIWMBCKSKIEE64ZLYK",
            "tags": {}
          },
          "sensitive_attributes": []
        }
      ]
    },
    {
      "mode": "data",
      "type": "aws_iam_policy",
      "name": "database",
      "provider": "provider[\"registry.terraform.io/hashicorp/aws\"]",
      "instances": [
        {
          "schema_version": 0,
          "attributes": {
            "arn": "arn:aws:iam::aws:policy/AmazonRDSDataFullAccess",
            "attachment_count": 1,
            "description": "Allows full access to use the RDS data APIs, secret store APIs for RDS database credentials, and DB console query management APIs to execute SQL statements on Aurora Serverless clusters in the AWS account.",
            "id": "arn:aws:iam::aws:policy/AmazonRDSDataFullAccess",
            "name": "AmazonRDSDataFullAccess",
            "path": "/",
            "path_prefix": null,
            "policy": "{\n    \"Version\": \"2012-10-17\",\n    \"Statement\": [\n        {\n            \"Sid\": \"SecretsManagerDbCredentialsAccess\",\n            \"Effect\": \"Allow\",\n            \"Action\": [\n                \"secretsmanager:GetSecretValue\",\n                \"secretsmanager:PutResourcePolicy\",\n                \"secretsmanager:PutSecretValue\",\n                \"secretsmanager:DeleteSecret\",\n                \"secretsmanager:DescribeSecret\",\n                \"secretsmanager:TagResource\"\n            ],\n            \"Resource\": \"arn:aws:secretsmanager:*:*:secret:rds-db-credentials/*\"\n        },\n        {\n            \"Sid\": \"RDSDataServiceAccess\",\n            \"Effect\": \"Allow\",\n            \"Action\": [\n                \"dbqms:CreateFavoriteQuery\",\n                \"dbqms:DescribeFavoriteQueries\",\n                \"dbqms:UpdateFavoriteQuery\",\n                \"dbqms:DeleteFavoriteQueries\",\n                \"dbqms:GetQueryString\",\n                \"dbqms:CreateQueryHistory\",\n                \"dbqms:DescribeQueryHistory\",\n                \"dbqms:UpdateQueryHistory\",\n                \"dbqms:DeleteQueryHistory\",\n                \"rds-data:ExecuteSql\",\n                \"rds-data:ExecuteStatement\",\n                \"rds-data:BatchExecuteStatement\",\n                \"rds-data:BeginTransaction\",\n                \"rds-data:CommitTransaction\",\n                \"rds-data:RollbackTransaction\",\n                \"secretsmanager:CreateSecret\",\n                \"secretsmanager:ListSecrets\",\n                \"secretsmanager:GetRandomPassword\",\n                \"tag:GetResources\"\n            ],\n            \"Resource\": \"*\"\n        }\n    ]\n}",
            "policy_id": "ANPAJ5HUMNZCSW4IC74T6",
            "tags": {}
          },
          "sensitive_attributes": []
        }
      ]
    },
    {
      "mode": "data",
      "type": "aws_iam_policy",
      "name": "s3_ReadOnly",
      "provider": "provider[\"registry.terraform.io/hashicorp/aws\"]",
      "instances": [
        {
          "schema_version": 0,
          "attributes": {
            "arn": "arn:aws:iam::aws:policy/AmazonS3ReadOnlyAccess",
            "attachment_count": 1,
            "description": "Provides read only access to all buckets via the AWS Management Console.",
            "id": "arn:aws:iam::aws:policy/AmazonS3ReadOnlyAccess",
            "name": "AmazonS3ReadOnlyAccess",
            "path": "/",
            "path_prefix": null,
            "policy": "{\n\t\"Version\": \"2012-10-17\",\n\t\"Statement\": [\n\t\t{\n\t\t\t\"Effect\": \"Allow\",\n\t\t\t\"Action\": [\n\t\t\t\t\"s3:Get*\",\n\t\t\t\t\"s3:List*\",\n\t\t\t\t\"s3:Describe*\",\n\t\t\t\t\"s3-object-lambda:Get*\",\n\t\t\t\t\"s3-object-lambda:List*\"\n\t\t\t],\n\t\t\t\"Resource\": \"*\"\n\t\t}\n\t]\n}",
            "policy_id": "ANPAIZTJ4DXE7G6AGAE6M",
            "tags": {}
          },
          "sensitive_attributes": []
        }
      ]
    },
    {
      "mode": "data",
      "type": "aws_iam_policy",
      "name": "ssm_managed",
      "provider": "provider[\"registry.terraform.io/hashicorp/aws\"]",
      "instances": [
        {
          "schema_version": 0,
          "attributes": {
            "arn": "arn:aws:iam::aws:policy/AmazonSSMManagedInstanceCore",
            "attachment_count": 2,
            "description": "The policy for Amazon EC2 Role to enable AWS Systems Manager service core functionality.",
            "id": "arn:aws:iam::aws:policy/AmazonSSMManagedInstanceCore",
            "name": "AmazonSSMManagedInstanceCore",
            "path": "/",
            "path_prefix": null,
            "policy": "{\n    \"Version\": \"2012-10-17\",\n    \"Statement\": [\n        {\n            \"Effect\": \"Allow\",\n            \"Action\": [\n                \"ssm:DescribeAssociation\",\n                \"ssm:GetDeployablePatchSnapshotForInstance\",\n                \"ssm:GetDocument\",\n                \"ssm:DescribeDocument\",\n                \"ssm:GetManifest\",\n                \"ssm:GetParameter\",\n                \"ssm:GetParameters\",\n                \"ssm:ListAssociations\",\n                \"ssm:ListInstanceAssociations\",\n                \"ssm:PutInventory\",\n                \"ssm:PutComplianceItems\",\n                \"ssm:PutConfigurePackageResult\",\n                \"ssm:UpdateAssociationStatus\",\n                \"ssm:UpdateInstanceAssociationStatus\",\n                \"ssm:UpdateInstanceInformation\"\n            ],\n            \"Resource\": \"*\"\n        },\n        {\n            \"Effect\": \"Allow\",\n            \"Action\": [\n                \"ssmmessages:CreateControlChannel\",\n                \"ssmmessages:CreateDataChannel\",\n                \"ssmmessages:OpenControlChannel\",\n                \"ssmmessages:OpenDataChannel\"\n            ],\n            \"Resource\": \"*\"\n        },\n        {\n            \"Effect\": \"Allow\",\n            \"Action\": [\n                \"ec2messages:AcknowledgeMessage\",\n                \"ec2messages:DeleteMessage\",\n                \"ec2messages:FailMessage\",\n                \"ec2messages:GetEndpoint\",\n                \"ec2messages:GetMessages\",\n                \"ec2messages:SendReply\"\n            ],\n            \"Resource\": \"*\"\n        }\n    ]\n}",
            "policy_id": "ANPAIXSHM2BNB2D3AXXRU",
            "tags": {}
          },
          "sensitive_attributes": []
        }
      ]
    },
    {
      "mode": "data",
      "type": "aws_iam_policy_document",
      "name": "assume_role",
      "provider": "provider[\"registry.terraform.io/hashicorp/aws\"]",
      "instances": [
        {
          "schema_version": 0,
          "attributes": {
            "id": "1443847869",
            "json": "{\n  \"Version\": \"2012-10-17\",\n  \"Statement\": [\n    {\n      \"Effect\": \"Allow\",\n      \"Action\": \"sts:AssumeRole\",\n      \"Principal\": {\n        \"Service\": \"ec2.amazonaws.com\"\n      }\n    }\n  ]\n}",
            "minified_json": "{\"Version\":\"2012-10-17\",\"Statement\":[{\"Effect\":\"Allow\",\"Action\":\"sts:AssumeRole\",\"Principal\":{\"Service\":\"ec2.amazonaws.com\"}}]}",
            "override_json": null,
            "override_policy_documents": null,
            "policy_id": null,
            "source_json": null,
            "source_policy_documents": null,
            "statement": [
              {
                "actions": [
                  "sts:AssumeRole"
                ],
                "condition": [],
                "effect": "Allow",
                "not_actions": [],
                "not_principals": [],
                "not_resources": [],
                "principals": [
                  {
                    "identifiers": [
                      "ec2.amazonaws.com"
                    ],
                    "type": "Service"
                  }
                ],
                "resources": [],
                "sid": ""
              }
            ],
            "version": "2012-10-17"
          },
          "sensitive_attributes": []
        }
      ]
    },
    {
      "mode": "data",
      "type": "aws_region",
      "name": "current",
      "provider": "provider[\"registry.terraform.io/hashicorp/aws\"]",
      "instances": [
        {
          "schema_version": 0,
          "attributes": {
            "description": "Europe (Frankfurt)",
            "endpoint": "ec2.eu-central-1.amazonaws.com",
            "id": "eu-central-1",
            "name": "eu-central-1"
          },
          "sensitive_attributes": []
        }
      ]
    },
    {
      "mode": "managed",
      "type": "aws_acm_certificate",
      "name": "mission_app_private",
      "provider": "provider[\"registry.terraform.io/hashicorp/aws\"]",
      "instances": [
        {
          "schema_version": 0,
          "attributes": {
            "arn": "arn:aws:acm:eu-central-1:637423458709:certificate/0ac3aa2d-be14-4364-a4af-b2d219e63d23",
            "certificate_authority_arn": "",
            "certificate_body": "-----BEGIN CERTIFICATE-----\nMIIEUjCCAzqgAwIBAgIQSbadcCbCFtAdeC3rGSan3DANBgkqhkiG9w0BAQsFADCB\nojEMMAoGA1UEBhMDVVNBMRIwEAYDVQQHEwlTYW4gRGllZ28xHDAaBgNVBAoTE0Ft\nYXpvbiBXZWIgU2VydmljZXMxFjAUBgNVBAsTDVdXUFMgUHJvU2VydmUxSDBGBgNV\nBAMTP3RlcnJhZm9ybS13b3Jrc2hvcC1hbGItODM0MjA5NzczLmV1LWNlbnRyYWwt\nMS5lbGIuYW1hem9uYXdzLmNvbTAeFw0yNDA4MjExODA3MzJaFw0yNTA4MjExODA3\nMzJaMIGiMQwwCgYDVQQGEwNVU0ExEjAQBgNVBAcTCVNhbiBEaWVnbzEcMBoGA1UE\nChMTQW1hem9uIFdlYiBTZXJ2aWNlczEWMBQGA1UECxMNV1dQUyBQcm9TZXJ2ZTFI\nMEYGA1UEAxM/dGVycmFmb3JtLXdvcmtzaG9wLWFsYi04MzQyMDk3NzMuZXUtY2Vu\ndHJhbC0xLmVsYi5hbWF6b25hd3MuY29tMIIBIjANBgkqhkiG9w0BAQEFAAOCAQ8A\nMIIBCgKCAQEA1vBidGW2I/Hze2X4vdQ1ej1q7u3Nzvpp7uxN4uKUlCuU2T11Q+ep\nwIOo3q4vUM37xtGClxBJdt65rsxUxiG3mflPW5exQyREfeu2KJ1pQZvnz8iiFwfi\nMLQL/F+t5jZ9U4irbh0Vlu4bxmaSRdml2spP46Dq6CtkzKc+RdsrhBYUf8oae39m\nzjXyXVDpIwehr9Y4PZoRUVyNQR8fkeXaK7ay88r2Tt8c+QF9F1lcVPsTsZok2APW\n7q28FKljHesPzXQ+qYdBl0x0wQYmap6/Ui1Te6x4LKBCgWdiwPeDMwTvVRw0wiG/\nZuFKLdUUqGH15GlMa5vcLqoechwyvh0lYwIDAQABo4GBMH8wDgYDVR0PAQH/BAQD\nAgWgMBMGA1UdJQQMMAoGCCsGAQUFBwMBMAwGA1UdEwEB/wQCMAAwSgYDVR0RBEMw\nQYI/dGVycmFmb3JtLXdvcmtzaG9wLWFsYi04MzQyMDk3NzMuZXUtY2VudHJhbC0x\nLmVsYi5hbWF6b25hd3MuY29tMA0GCSqGSIb3DQEBCwUAA4IBAQBHouSwjGwNSov9\npIldgzhKGZvHYZ2zsYrOddah3DN98wDp571gckO0rXFR87Gb2Tewjoka20gU+c0I\nOljidTEMZ5eyIi3YzAIDWxjl3NLEbaMyyZnVpSFOwvVB+hd2vcBk8jNP6Qpf6sf0\nNaD1X5/R8l16qYw2Q46RghnD/joQoWi1T/iBNGBqHDwcVQFMiKN3NLah8jLjuSl4\nyN2BWLQjUwh4DeBSFGe42lN+LO8/IothVOSO1kqqn9wwE96VuyxpshEX+GFQ7hPt\nLemcadK/e3qcDh1TziQapKXiq2ua3wid4lg6u4GigjyNQNZkXSfHbfuC4APvdxFM\nvC0JO8XU\n-----END CERTIFICATE-----\n",
            "certificate_chain": null,
            "domain_name": "terraform-workshop-alb-834209773.eu-central-1.elb.amazonaws.com",
            "domain_validation_options": [],
            "early_renewal_duration": "",
            "id": "arn:aws:acm:eu-central-1:637423458709:certificate/0ac3aa2d-be14-4364-a4af-b2d219e63d23",
            "key_algorithm": "RSA_2048",
            "not_after": "2025-08-21T18:07:32Z",
            "not_before": "2024-08-21T18:07:32Z",
            "options": [
              {
                "certificate_transparency_logging_preference": "DISABLED"
              }
            ],
            "pending_renewal": false,
            "private_key": "-----BEGIN RSA PRIVATE KEY-----\nMIIEowIBAAKCAQEA1vBidGW2I/Hze2X4vdQ1ej1q7u3Nzvpp7uxN4uKUlCuU2T11\nQ+epwIOo3q4vUM37xtGClxBJdt65rsxUxiG3mflPW5exQyREfeu2KJ1pQZvnz8ii\nFwfiMLQL/F+t5jZ9U4irbh0Vlu4bxmaSRdml2spP46Dq6CtkzKc+RdsrhBYUf8oa\ne39mzjXyXVDpIwehr9Y4PZoRUVyNQR8fkeXaK7ay88r2Tt8c+QF9F1lcVPsTsZok\n2APW7q28FKljHesPzXQ+qYdBl0x0wQYmap6/Ui1Te6x4LKBCgWdiwPeDMwTvVRw0\nwiG/ZuFKLdUUqGH15GlMa5vcLqoechwyvh0lYwIDAQABAoIBAB/Xmu5dhx9KH+Uf\nFTuiLY3/fVEKP9wy8vCnZ15+bL6KulF4rl+x+U8A8kqTCYVyDqPEtBEHI6sNkfqY\nYNK9egLAkYYjMeqde9wfyGu57jb/DteUhJbe3x6R/diUoCGj3us6KxN0EZe7jLfW\nyEK63LxODonNdB+TFirPeAVHU+oMSdLGaQrbpi0chu+VjWjlPWTi/oVoNHZ/VBfU\nrANMeSrcyQWf7ZQAnIK+mduFSkHLMKbl3ADJosCYI1GByhx0Sm8wqQ7m9XoT05w5\nogUs/eeZZL7VXpewW6Z0II8In2HfGa/8eJOL6oByYmanePFSrK9BTkHsZVJ9V9w2\nCkp0haECgYEA48jJVUgRV6PppLpwVqhfvPNoJBI5LOe0uX4gsWY/691b7Ix6Wl0B\nUWaxdyqG9VfPqF7zLIXHi0DHFUe3zcayTipLntGAPDQ69SuWCfLY2GzBk0djbaA6\nvfpHCoVfygYQNbXUkLdNJhu9O6V4v8ozwtc2CPUkOuSGgmZS13BeQpECgYEA8ZBD\nZ7+HBzVoERgRJBFGZ++0Qfw28f/todgeyYHve7s582bXcjULlOcbWg9VMJ4NDwj3\n8lGcu6D1ISd1sYwamFwfamiti/20WdnNSWcbze/oP3/gltIjq2yvkkoQQ3xBi2ym\nhZZuqV41GBOcEma/KqRqug6JXmYY5Sydz5+D+rMCgYAt6rzDJzrvusgPf9HDdj+O\nXFbC5rWF2tNwjP9UI3OBPWcZYRwM+TCZ0yS1C+qWrHPc0f8dG36lEJLRNFrV7Vbm\nMNp7kmnSOQklgPrG2KBjyFChOsPNRn5w63HEqiwsElrUKOpHndu8cd0MmAemScFz\nZmSrG5eJE6YVxUCv0yP9MQKBgB0IruFYZt1Z8PElCGJiZSj26Z6Itv3tOd2bAVBM\n+sDPZw63TKvgbkzuXh47+4xFYuJsvIh2gLUYin36pS263jNz1x7OCBXsX3HxOLha\n2T+uVybSsubNyRXAkXWuyzehRquAWp9xzkkzFoSXTsnzaYSxkFZeiuo6sUFSVIFw\n9cb7AoGBAImay2n5KCk5GF1AiKEBbpRHTbMzxIbH2gvMcjlK/EaOEDGUIarQxhlL\nKnvXe2/JfOiZHdh6olTLU4XvhZr4ySJtxjEOqA8k7zwUr/jhFEMlvwFh5TIxl3rH\nuOtmUqr8KUl2PddgAvw+Gehv9m6TYJXLLZwqJR+ptJ+UEmjMGQF3\n-----END RSA PRIVATE KEY-----\n",
            "renewal_eligibility": "INELIGIBLE",
            "renewal_summary": [],
            "status": "ISSUED",
            "subject_alternative_names": [
              "terraform-workshop-alb-834209773.eu-central-1.elb.amazonaws.com"
            ],
            "tags": {},
            "tags_all": {
              "Management": "Terraform"
            },
            "type": "IMPORTED",
            "validation_emails": [],
            "validation_method": "NONE",
            "validation_option": []
          },
          "sensitive_attributes": [
            [
              {
                "type": "get_attr",
                "value": "private_key"
              }
            ]
          ],
          "private": "bnVsbA==",
          "dependencies": [
            "aws_lb.mission_app",
            "aws_security_group.app",
            "aws_subnet.private",
            "aws_vpc.default",
            "data.aws_availability_zones.available",
            "tls_private_key.mission_app",
            "tls_self_signed_cert.mission_app"
          ]
        }
      ]
    },
    {
      "mode": "managed",
      "type": "aws_ami_copy",
      "name": "mission_app_ami",
      "provider": "provider[\"registry.terraform.io/hashicorp/aws\"]",
      "instances": [
        {
          "schema_version": 0,
          "attributes": {
            "architecture": "x86_64",
            "arn": "arn:aws:ec2:eu-central-1::image/ami-09ca20f8086c07eed",
            "boot_mode": "uefi-preferred",
            "deprecation_time": "",
            "description": "A copy of ami-0de02246788e4a354 - Amazon Linux 2023 AMI 2023.5.20240819.0 x86_64 HVM kernel-6.1",
            "destination_outpost_arn": null,
            "ebs_block_device": [
              {
                "delete_on_termination": true,
                "device_name": "/dev/xvda",
                "encrypted": false,
                "iops": 3000,
                "outpost_arn": "",
                "snapshot_id": "snap-0990fdc377037399b",
                "throughput": 125,
                "volume_size": 8,
                "volume_type": "gp3"
              }
            ],
            "ena_support": true,
            "encrypted": false,
            "ephemeral_block_device": [],
            "hypervisor": "xen",
            "id": "ami-09ca20f8086c07eed",
            "image_location": "637423458709/Amazon Linux 2 Image",
            "image_owner_alias": "",
            "image_type": "machine",
            "imds_support": "v2.0",
            "kernel_id": "",
            "kms_key_id": null,
            "manage_ebs_snapshots": true,
            "name": "Amazon Linux 2 Image",
            "owner_id": "637423458709",
            "platform": "",
            "platform_details": "Linux/UNIX",
            "public": false,
            "ramdisk_id": "",
            "root_device_name": "/dev/xvda",
            "root_snapshot_id": "snap-0990fdc377037399b",
            "source_ami_id": "ami-0de02246788e4a354",
            "source_ami_region": "eu-central-1",
            "sriov_net_support": "simple",
            "tags": {
              "Creation Date": "2024-08-15T17:38:59.000Z",
              "Deprecation Time": "2024-11-13T17:39:00.000Z",
              "Description": "Amazon Linux 2023 AMI 2023.5.20240819.0 x86_64 HVM kernel-6.1",
              "Name": "terraform-workshop-ami"
            },
            "tags_all": {
              "Creation Date": "2024-08-15T17:38:59.000Z",
              "Deprecation Time": "2024-11-13T17:39:00.000Z",
              "Description": "Amazon Linux 2023 AMI 2023.5.20240819.0 x86_64 HVM kernel-6.1",
              "Management": "Terraform",
              "Name": "terraform-workshop-ami"
            },
            "timeouts": null,
            "tpm_support": "",
            "usage_operation": "RunInstances",
            "virtualization_type": "hvm"
          },
          "sensitive_attributes": [],
          "private": "eyJlMmJmYjczMC1lY2FhLTExZTYtOGY4OC0zNDM2M2JjN2M0YzAiOnsiY3JlYXRlIjoyNDAwMDAwMDAwMDAwLCJkZWxldGUiOjU0MDAwMDAwMDAwMDAsInVwZGF0ZSI6MjQwMDAwMDAwMDAwMH19",
          "dependencies": [
            "data.aws_ami.linux",
            "data.aws_region.current"
          ],
          "create_before_destroy": true
        }
      ]
    },
    {
      "mode": "managed",
      "type": "aws_autoscaling_group",
      "name": "mission_app_asg",
      "provider": "provider[\"registry.terraform.io/hashicorp/aws\"]",
      "instances": [
        {
          "schema_version": 1,
          "attributes": {
            "arn": "arn:aws:autoscaling:eu-central-1:637423458709:autoScalingGroup:af2121a1-983e-487b-aa93-2da6caf8d45d:autoScalingGroupName/terraform-workshop-asg-mission_app",
            "availability_zones": [
              "eu-central-1a",
              "eu-central-1b"
            ],
            "capacity_rebalance": false,
            "context": "",
            "default_cooldown": 300,
            "default_instance_warmup": 0,
            "desired_capacity": 2,
            "desired_capacity_type": "",
            "enabled_metrics": [],
            "force_delete": false,
            "force_delete_warm_pool": false,
            "health_check_grace_period": 300,
            "health_check_type": "EC2",
            "id": "terraform-workshop-asg-mission_app",
            "ignore_failed_scaling_activities": false,
            "initial_lifecycle_hook": [],
            "instance_maintenance_policy": [],
            "instance_refresh": [],
            "launch_configuration": "",
            "launch_template": [],
            "load_balancers": [],
            "max_instance_lifetime": 0,
            "max_size": 8,
            "metrics_granularity": "1Minute",
            "min_elb_capacity": null,
            "min_size": 2,
            "mixed_instances_policy": [
              {
                "instances_distribution": [
                  {
                    "on_demand_allocation_strategy": "lowest-price",
                    "on_demand_base_capacity": 0,
                    "on_demand_percentage_above_base_capacity": 100,
                    "spot_allocation_strategy": "lowest-price",
                    "spot_instance_pools": 2,
                    "spot_max_price": ""
                  }
                ],
                "launch_template": [
                  {
                    "launch_template_specification": [
                      {
                        "launch_template_id": "lt-0ad741ae3f4c5905c",
                        "launch_template_name": "terraform-workshop-mission_app_iac_lc-20240821180519023600000012",
                        "version": "$Latest"
                      }
                    ],
                    "override": []
                  }
                ]
              }
            ],
            "name": "terraform-workshop-asg-mission_app",
            "name_prefix": "",
            "placement_group": "",
            "predicted_capacity": 0,
            "protect_from_scale_in": false,
            "service_linked_role_arn": "arn:aws:iam::637423458709:role/aws-service-role/autoscaling.amazonaws.com/AWSServiceRoleForAutoScaling",
            "suspended_processes": [],
            "tag": [
              {
                "key": "Name",
                "propagate_at_launch": true,
                "value": "terraform-workshop-asg-mission_app"
              }
            ],
            "target_group_arns": [
              "arn:aws:elasticloadbalancing:eu-central-1:637423458709:targetgroup/terraform-workshop-lb-tg/a796518012c6df60"
            ],
            "termination_policies": [],
            "timeouts": null,
            "traffic_source": [
              {
                "identifier": "arn:aws:elasticloadbalancing:eu-central-1:637423458709:targetgroup/terraform-workshop-lb-tg/a796518012c6df60",
                "type": "elbv2"
              }
            ],
            "vpc_zone_identifier": [
              "subnet-047f143745196f11b",
              "subnet-0d72ac342fedc0283"
            ],
            "wait_for_capacity_timeout": "10m",
            "wait_for_elb_capacity": null,
            "warm_pool": [],
            "warm_pool_size": 0
          },
          "sensitive_attributes": [],
          "private": "eyJlMmJmYjczMC1lY2FhLTExZTYtOGY4OC0zNDM2M2JjN2M0YzAiOnsiZGVsZXRlIjo2MDAwMDAwMDAwMDAsInVwZGF0ZSI6NjAwMDAwMDAwMDAwfSwic2NoZW1hX3ZlcnNpb24iOiIxIn0=",
          "dependencies": [
            "aws_ami_copy.mission_app_ami",
            "aws_cloudfront_cache_policy.default",
            "aws_cloudfront_distribution.mission_app",
            "aws_db_instance.wp_mysql",
            "aws_db_subnet_group.mission_db_group",
            "aws_efs_file_system.mission_app",
            "aws_iam_instance_profile.app",
            "aws_iam_instance_profile.web_hosting",
            "aws_iam_role.app",
            "aws_iam_role.web_hosting",
            "aws_instance.staging_app",
            "aws_launch_template.mission_app_lc",
            "aws_lb.mission_app",
            "aws_lb_target_group.mission_app",
            "aws_s3_bucket.mission_app",
            "aws_s3_object.mission_app-private_key",
            "aws_s3_object.mission_app-public_key",
            "aws_secretsmanager_secret.db",
            "aws_secretsmanager_secret_version.db",
            "aws_security_group.app",
            "aws_security_group.db",
            "aws_subnet.private",
            "aws_subnet.private_ingress",
            "aws_vpc.default",
            "data.aws_ami.linux",
            "data.aws_availability_zones.available",
            "data.aws_iam_policy.database",
            "data.aws_iam_policy.s3_ReadOnly",
            "data.aws_iam_policy.ssm_managed",
            "data.aws_iam_policy_document.assume_role",
            "data.aws_region.current",
            "random_password.default",
            "tls_private_key.mission_app",
            "tls_self_signed_cert.mission_app"
          ],
          "create_before_destroy": true
        }
      ]
    },
    {
      "mode": "managed",
      "type": "aws_autoscaling_policy",
      "name": "mission_app_scale_in_policy",
      "provider": "provider[\"registry.terraform.io/hashicorp/aws\"]",
      "instances": [
        {
          "schema_version": 0,
          "attributes": {
            "adjustment_type": "ChangeInCapacity",
            "arn": "arn:aws:autoscaling:eu-central-1:637423458709:scalingPolicy:2613a5c5-5e0c-4769-b97e-c6e33b7159d2:autoScalingGroupName/terraform-workshop-asg-mission_app:policyName/terraform-workshop-in-policy",
            "autoscaling_group_name": "terraform-workshop-asg-mission_app",
            "cooldown": 180,
            "enabled": true,
            "estimated_instance_warmup": 0,
            "id": "terraform-workshop-in-policy",
            "metric_aggregation_type": "",
            "min_adjustment_magnitude": 0,
            "name": "terraform-workshop-in-policy",
            "policy_type": "SimpleScaling",
            "predictive_scaling_configuration": [],
            "scaling_adjustment": -1,
            "step_adjustment": [],
            "target_tracking_configuration": []
          },
          "sensitive_attributes": [],
          "private": "bnVsbA==",
          "dependencies": [
            "aws_ami_copy.mission_app_ami",
            "aws_autoscaling_group.mission_app_asg",
            "aws_cloudfront_cache_policy.default",
            "aws_cloudfront_distribution.mission_app",
            "aws_db_instance.wp_mysql",
            "aws_db_subnet_group.mission_db_group",
            "aws_efs_file_system.mission_app",
            "aws_iam_instance_profile.app",
            "aws_iam_instance_profile.web_hosting",
            "aws_iam_role.app",
            "aws_iam_role.web_hosting",
            "aws_instance.staging_app",
            "aws_launch_template.mission_app_lc",
            "aws_lb.mission_app",
            "aws_lb_target_group.mission_app",
            "aws_s3_bucket.mission_app",
            "aws_s3_object.mission_app-private_key",
            "aws_s3_object.mission_app-public_key",
            "aws_secretsmanager_secret.db",
            "aws_secretsmanager_secret_version.db",
            "aws_security_group.app",
            "aws_security_group.db",
            "aws_subnet.private",
            "aws_subnet.private_ingress",
            "aws_vpc.default",
            "data.aws_ami.linux",
            "data.aws_availability_zones.available",
            "data.aws_iam_policy.database",
            "data.aws_iam_policy.s3_ReadOnly",
            "data.aws_iam_policy.ssm_managed",
            "data.aws_iam_policy_document.assume_role",
            "data.aws_region.current",
            "random_password.default",
            "tls_private_key.mission_app",
            "tls_self_signed_cert.mission_app"
          ]
        }
      ]
    },
    {
      "mode": "managed",
      "type": "aws_autoscaling_policy",
      "name": "mission_app_scale_out_policy",
      "provider": "provider[\"registry.terraform.io/hashicorp/aws\"]",
      "instances": [
        {
          "schema_version": 0,
          "attributes": {
            "adjustment_type": "ChangeInCapacity",
            "arn": "arn:aws:autoscaling:eu-central-1:637423458709:scalingPolicy:32269c73-43ef-4a86-98f7-73a7b3860608:autoScalingGroupName/terraform-workshop-asg-mission_app:policyName/terraform-workshop-out-policy",
            "autoscaling_group_name": "terraform-workshop-asg-mission_app",
            "cooldown": 300,
            "enabled": true,
            "estimated_instance_warmup": 0,
            "id": "terraform-workshop-out-policy",
            "metric_aggregation_type": "",
            "min_adjustment_magnitude": 0,
            "name": "terraform-workshop-out-policy",
            "policy_type": "SimpleScaling",
            "predictive_scaling_configuration": [],
            "scaling_adjustment": 4,
            "step_adjustment": [],
            "target_tracking_configuration": []
          },
          "sensitive_attributes": [],
          "private": "bnVsbA==",
          "dependencies": [
            "aws_ami_copy.mission_app_ami",
            "aws_autoscaling_group.mission_app_asg",
            "aws_cloudfront_cache_policy.default",
            "aws_cloudfront_distribution.mission_app",
            "aws_db_instance.wp_mysql",
            "aws_db_subnet_group.mission_db_group",
            "aws_efs_file_system.mission_app",
            "aws_iam_instance_profile.app",
            "aws_iam_instance_profile.web_hosting",
            "aws_iam_role.app",
            "aws_iam_role.web_hosting",
            "aws_instance.staging_app",
            "aws_launch_template.mission_app_lc",
            "aws_lb.mission_app",
            "aws_lb_target_group.mission_app",
            "aws_s3_bucket.mission_app",
            "aws_s3_object.mission_app-private_key",
            "aws_s3_object.mission_app-public_key",
            "aws_secretsmanager_secret.db",
            "aws_secretsmanager_secret_version.db",
            "aws_security_group.app",
            "aws_security_group.db",
            "aws_subnet.private",
            "aws_subnet.private_ingress",
            "aws_vpc.default",
            "data.aws_ami.linux",
            "data.aws_availability_zones.available",
            "data.aws_iam_policy.database",
            "data.aws_iam_policy.s3_ReadOnly",
            "data.aws_iam_policy.ssm_managed",
            "data.aws_iam_policy_document.assume_role",
            "data.aws_region.current",
            "random_password.default",
            "tls_private_key.mission_app",
            "tls_self_signed_cert.mission_app"
          ]
        }
      ]
    },
    {
      "mode": "managed",
      "type": "aws_cloudfront_cache_policy",
      "name": "default",
      "provider": "provider[\"registry.terraform.io/hashicorp/aws\"]",
      "instances": [
        {
          "schema_version": 0,
          "attributes": {
            "comment": "Default Policy",
            "default_ttl": 50,
            "etag": "E23ZP02F085DFQ",
            "id": "2d714e67-0920-44db-b31e-4d8efbacce9b",
            "max_ttl": 100,
            "min_ttl": 1,
            "name": "terraform-workshop-default-policy",
            "parameters_in_cache_key_and_forwarded_to_origin": [
              {
                "cookies_config": [
                  {
                    "cookie_behavior": "all",
                    "cookies": []
                  }
                ],
                "enable_accept_encoding_brotli": false,
                "enable_accept_encoding_gzip": false,
                "headers_config": [
                  {
                    "header_behavior": "whitelist",
                    "headers": [
                      {
                        "items": [
                          "X-Request"
                        ]
                      }
                    ]
                  }
                ],
                "query_strings_config": [
                  {
                    "query_string_behavior": "all",
                    "query_strings": []
                  }
                ]
              }
            ]
          },
          "sensitive_attributes": [],
          "private": "bnVsbA==",
          "create_before_destroy": true
        }
      ]
    },
    {
      "mode": "managed",
      "type": "aws_cloudfront_distribution",
      "name": "mission_app",
      "provider": "provider[\"registry.terraform.io/hashicorp/aws\"]",
      "instances": [
        {
          "schema_version": 1,
          "attributes": {
            "aliases": [],
            "arn": "arn:aws:cloudfront::637423458709:distribution/E2NTU4VSD05964",
            "caller_reference": "terraform-20240821180732700100000016",
            "comment": "terraform-workshop - frontend site for mission app",
            "continuous_deployment_policy_id": "",
            "custom_error_response": [],
            "default_cache_behavior": [
              {
                "allowed_methods": [
                  "DELETE",
                  "GET",
                  "HEAD",
                  "OPTIONS",
                  "PATCH",
                  "POST",
                  "PUT"
                ],
                "cache_policy_id": "2d714e67-0920-44db-b31e-4d8efbacce9b",
                "cached_methods": [
                  "GET",
                  "HEAD",
                  "OPTIONS"
                ],
                "compress": false,
                "default_ttl": 0,
                "field_level_encryption_id": "",
                "forwarded_values": [],
                "function_association": [],
                "lambda_function_association": [],
                "max_ttl": 0,
                "min_ttl": 0,
                "origin_request_policy_id": "",
                "realtime_log_config_arn": "",
                "response_headers_policy_id": "",
                "smooth_streaming": false,
                "target_origin_id": "terraform-workshop-alb-834209773.eu-central-1.elb.amazonaws.com",
                "trusted_key_groups": [],
                "trusted_signers": [],
                "viewer_protocol_policy": "redirect-to-https"
              }
            ],
            "default_root_object": "",
            "domain_name": "d25bsxbuqtwhrl.cloudfront.net",
            "enabled": true,
            "etag": "E1I6999TH6WBBY",
            "hosted_zone_id": "Z2FDTNDATAQYW2",
            "http_version": "http2",
            "id": "E2NTU4VSD05964",
            "in_progress_validation_batches": 0,
            "is_ipv6_enabled": false,
            "last_modified_time": "2024-08-21 18:07:33.734 +0000 UTC",
            "logging_config": [],
            "ordered_cache_behavior": [],
            "origin": [
              {
                "connection_attempts": 3,
                "connection_timeout": 10,
                "custom_header": [
                  {
                    "name": "X-Request",
                    "value": "terraform-workshop-alb-834209773.eu-central-1.elb.amazonaws.com"
                  }
                ],
                "custom_origin_config": [
                  {
                    "http_port": 80,
                    "https_port": 443,
                    "origin_keepalive_timeout": 5,
                    "origin_protocol_policy": "http-only",
                    "origin_read_timeout": 30,
                    "origin_ssl_protocols": [
                      "TLSv1.2"
                    ]
                  }
                ],
                "domain_name": "terraform-workshop-alb-834209773.eu-central-1.elb.amazonaws.com",
                "origin_access_control_id": "",
                "origin_id": "terraform-workshop-alb-834209773.eu-central-1.elb.amazonaws.com",
                "origin_path": "",
                "origin_shield": [],
                "s3_origin_config": []
              }
            ],
            "origin_group": [],
            "price_class": "PriceClass_All",
            "restrictions": [
              {
                "geo_restriction": [
                  {
                    "locations": [],
                    "restriction_type": "none"
                  }
                ]
              }
            ],
            "retain_on_delete": false,
            "staging": false,
            "status": "Deployed",
            "tags": {},
            "tags_all": {
              "Management": "Terraform"
            },
            "trusted_key_groups": [
              {
                "enabled": false,
                "items": []
              }
            ],
            "trusted_signers": [
              {
                "enabled": false,
                "items": []
              }
            ],
            "viewer_certificate": [
              {
                "acm_certificate_arn": "",
                "cloudfront_default_certificate": true,
                "iam_certificate_id": "",
                "minimum_protocol_version": "TLSv1",
                "ssl_support_method": ""
              }
            ],
            "wait_for_deployment": true,
            "web_acl_id": ""
          },
          "sensitive_attributes": [],
          "private": "eyJzY2hlbWFfdmVyc2lvbiI6IjEifQ==",
          "dependencies": [
            "aws_cloudfront_cache_policy.default",
            "aws_lb.mission_app",
            "aws_security_group.app",
            "aws_subnet.private",
            "aws_vpc.default",
            "data.aws_availability_zones.available"
          ],
          "create_before_destroy": true
        }
      ]
    },
    {
      "mode": "managed",
      "type": "aws_cloudwatch_metric_alarm",
      "name": "mission_app_scale_in_alarm",
      "provider": "provider[\"registry.terraform.io/hashicorp/aws\"]",
      "instances": [
        {
          "schema_version": 1,
          "attributes": {
            "actions_enabled": true,
            "alarm_actions": [
              "arn:aws:autoscaling:eu-central-1:637423458709:scalingPolicy:2613a5c5-5e0c-4769-b97e-c6e33b7159d2:autoScalingGroupName/terraform-workshop-asg-mission_app:policyName/terraform-workshop-in-policy"
            ],
            "alarm_description": "This metric monitors ec2 cpu utilization for Mission App ASG",
            "alarm_name": "terraform-workshop-in-alarm",
            "arn": "arn:aws:cloudwatch:eu-central-1:637423458709:alarm:terraform-workshop-in-alarm",
            "comparison_operator": "LessThanOrEqualToThreshold",
            "datapoints_to_alarm": 0,
            "dimensions": {
              "AutoScalingGroupName": "terraform-workshop-asg-mission_app"
            },
            "evaluate_low_sample_count_percentiles": "",
            "evaluation_periods": 2,
            "extended_statistic": "",
            "id": "terraform-workshop-in-alarm",
            "insufficient_data_actions": [],
            "metric_name": "CPUUtilization",
            "metric_query": [],
            "namespace": "AWS/EC2",
            "ok_actions": [],
            "period": 60,
            "statistic": "Average",
            "tags": {},
            "tags_all": {
              "Management": "Terraform"
            },
            "threshold": 20,
            "threshold_metric_id": "",
            "treat_missing_data": "missing",
            "unit": ""
          },
          "sensitive_attributes": [],
          "private": "eyJzY2hlbWFfdmVyc2lvbiI6IjEifQ==",
          "dependencies": [
            "aws_ami_copy.mission_app_ami",
            "aws_autoscaling_group.mission_app_asg",
            "aws_autoscaling_policy.mission_app_scale_in_policy",
            "aws_cloudfront_cache_policy.default",
            "aws_cloudfront_distribution.mission_app",
            "aws_db_instance.wp_mysql",
            "aws_db_subnet_group.mission_db_group",
            "aws_efs_file_system.mission_app",
            "aws_iam_instance_profile.app",
            "aws_iam_instance_profile.web_hosting",
            "aws_iam_role.app",
            "aws_iam_role.web_hosting",
            "aws_instance.staging_app",
            "aws_launch_template.mission_app_lc",
            "aws_lb.mission_app",
            "aws_lb_target_group.mission_app",
            "aws_s3_bucket.mission_app",
            "aws_s3_object.mission_app-private_key",
            "aws_s3_object.mission_app-public_key",
            "aws_secretsmanager_secret.db",
            "aws_secretsmanager_secret_version.db",
            "aws_security_group.app",
            "aws_security_group.db",
            "aws_subnet.private",
            "aws_subnet.private_ingress",
            "aws_vpc.default",
            "data.aws_ami.linux",
            "data.aws_availability_zones.available",
            "data.aws_iam_policy.database",
            "data.aws_iam_policy.s3_ReadOnly",
            "data.aws_iam_policy.ssm_managed",
            "data.aws_iam_policy_document.assume_role",
            "data.aws_region.current",
            "random_password.default",
            "tls_private_key.mission_app",
            "tls_self_signed_cert.mission_app"
          ]
        }
      ]
    },
    {
      "mode": "managed",
      "type": "aws_cloudwatch_metric_alarm",
      "name": "mission_app_scale_out_alarm",
      "provider": "provider[\"registry.terraform.io/hashicorp/aws\"]",
      "instances": [
        {
          "schema_version": 1,
          "attributes": {
            "actions_enabled": true,
            "alarm_actions": [
              "arn:aws:autoscaling:eu-central-1:637423458709:scalingPolicy:32269c73-43ef-4a86-98f7-73a7b3860608:autoScalingGroupName/terraform-workshop-asg-mission_app:policyName/terraform-workshop-out-policy"
            ],
            "alarm_description": "This metric monitors ec2 cpu utilization for Mission App ASG",
            "alarm_name": "terraform-workshop-out-alarm",
            "arn": "arn:aws:cloudwatch:eu-central-1:637423458709:alarm:terraform-workshop-out-alarm",
            "comparison_operator": "GreaterThanOrEqualToThreshold",
            "datapoints_to_alarm": 0,
            "dimensions": {
              "AutoScalingGroupName": "terraform-workshop-asg-mission_app"
            },
            "evaluate_low_sample_count_percentiles": "",
            "evaluation_periods": 2,
            "extended_statistic": "",
            "id": "terraform-workshop-out-alarm",
            "insufficient_data_actions": [],
            "metric_name": "CPUUtilization",
            "metric_query": [],
            "namespace": "AWS/EC2",
            "ok_actions": [],
            "period": 60,
            "statistic": "Average",
            "tags": {},
            "tags_all": {
              "Management": "Terraform"
            },
            "threshold": 30,
            "threshold_metric_id": "",
            "treat_missing_data": "missing",
            "unit": ""
          },
          "sensitive_attributes": [],
          "private": "eyJzY2hlbWFfdmVyc2lvbiI6IjEifQ==",
          "dependencies": [
            "aws_ami_copy.mission_app_ami",
            "aws_autoscaling_group.mission_app_asg",
            "aws_autoscaling_policy.mission_app_scale_out_policy",
            "aws_cloudfront_cache_policy.default",
            "aws_cloudfront_distribution.mission_app",
            "aws_db_instance.wp_mysql",
            "aws_db_subnet_group.mission_db_group",
            "aws_efs_file_system.mission_app",
            "aws_iam_instance_profile.app",
            "aws_iam_instance_profile.web_hosting",
            "aws_iam_role.app",
            "aws_iam_role.web_hosting",
            "aws_instance.staging_app",
            "aws_launch_template.mission_app_lc",
            "aws_lb.mission_app",
            "aws_lb_target_group.mission_app",
            "aws_s3_bucket.mission_app",
            "aws_s3_object.mission_app-private_key",
            "aws_s3_object.mission_app-public_key",
            "aws_secretsmanager_secret.db",
            "aws_secretsmanager_secret_version.db",
            "aws_security_group.app",
            "aws_security_group.db",
            "aws_subnet.private",
            "aws_subnet.private_ingress",
            "aws_vpc.default",
            "data.aws_ami.linux",
            "data.aws_availability_zones.available",
            "data.aws_iam_policy.database",
            "data.aws_iam_policy.s3_ReadOnly",
            "data.aws_iam_policy.ssm_managed",
            "data.aws_iam_policy_document.assume_role",
            "data.aws_region.current",
            "random_password.default",
            "tls_private_key.mission_app",
            "tls_self_signed_cert.mission_app"
          ]
        }
      ]
    },
    {
      "mode": "managed",
      "type": "aws_db_instance",
      "name": "wp_mysql",
      "provider": "provider[\"registry.terraform.io/hashicorp/aws\"]",
      "instances": [
        {
          "schema_version": 2,
          "attributes": {
            "address": "terraform-workshop-db.czq0aiksu4z5.eu-central-1.rds.amazonaws.com",
            "allocated_storage": 20,
            "allow_major_version_upgrade": null,
            "apply_immediately": false,
            "arn": "arn:aws:rds:eu-central-1:637423458709:db:terraform-workshop-db",
            "auto_minor_version_upgrade": true,
            "availability_zone": "eu-central-1a",
            "backup_retention_period": 0,
            "backup_target": "region",
            "backup_window": "00:12-00:42",
            "blue_green_update": [],
            "ca_cert_identifier": "rds-ca-rsa2048-g1",
            "character_set_name": "",
            "copy_tags_to_snapshot": false,
            "custom_iam_instance_profile": "",
            "customer_owned_ip_enabled": false,
            "db_name": "mydb",
            "db_subnet_group_name": "terraform-workshop-db-group",
            "dedicated_log_volume": false,
            "delete_automated_backups": true,
            "deletion_protection": false,
            "domain": "",
            "domain_auth_secret_arn": "",
            "domain_dns_ips": [],
            "domain_fqdn": "",
            "domain_iam_role_name": "",
            "domain_ou": "",
            "enabled_cloudwatch_logs_exports": [],
            "endpoint": "terraform-workshop-db.czq0aiksu4z5.eu-central-1.rds.amazonaws.com:3306",
            "engine": "mysql",
            "engine_lifecycle_support": "open-source-rds-extended-support",
            "engine_version": "8.0.35",
            "engine_version_actual": "8.0.35",
            "final_snapshot_identifier": null,
            "hosted_zone_id": "Z1RLNUO7B9Q6NB",
            "iam_database_authentication_enabled": false,
            "id": "db-2HJBE7B7ECPBST22VUD34WOEYA",
            "identifier": "terraform-workshop-db",
            "identifier_prefix": "",
            "instance_class": "db.t3.micro",
            "iops": 0,
            "kms_key_id": "",
            "latest_restorable_time": "",
            "license_model": "general-public-license",
            "listener_endpoint": [],
            "maintenance_window": "mon:23:14-mon:23:44",
            "manage_master_user_password": null,
            "master_user_secret": [],
            "master_user_secret_kms_key_id": null,
            "max_allocated_storage": 0,
            "monitoring_interval": 0,
            "monitoring_role_arn": "",
            "multi_az": true,
            "nchar_character_set_name": "",
            "network_type": "IPV4",
            "option_group_name": "default:mysql-8-0",
            "parameter_group_name": "default.mysql8.0",
            "password": "p7MtmbBcj5q35GgnJyFUKq1a7",
            "performance_insights_enabled": false,
            "performance_insights_kms_key_id": "",
            "performance_insights_retention_period": 0,
            "port": 3306,
            "publicly_accessible": false,
            "replica_mode": "",
            "replicas": [],
            "replicate_source_db": "",
            "resource_id": "db-2HJBE7B7ECPBST22VUD34WOEYA",
            "restore_to_point_in_time": [],
            "s3_import": [],
            "skip_final_snapshot": true,
            "snapshot_identifier": null,
            "status": "available",
            "storage_encrypted": false,
            "storage_throughput": 0,
            "storage_type": "gp2",
            "tags": {
              "Name": "terraform-workshop-db"
            },
            "tags_all": {
              "Management": "Terraform",
              "Name": "terraform-workshop-db"
            },
            "timeouts": null,
            "timezone": "",
            "upgrade_storage_config": null,
            "username": "dbuser123",
            "vpc_security_group_ids": [
              "sg-08733b031ca5e5d37"
            ]
          },
          "sensitive_attributes": [
            [
              {
                "type": "get_attr",
                "value": "password"
              }
            ]
          ],
          "private": "eyJlMmJmYjczMC1lY2FhLTExZTYtOGY4OC0zNDM2M2JjN2M0YzAiOnsiY3JlYXRlIjoyNDAwMDAwMDAwMDAwLCJkZWxldGUiOjM2MDAwMDAwMDAwMDAsInVwZGF0ZSI6NDgwMDAwMDAwMDAwMH0sInNjaGVtYV92ZXJzaW9uIjoiMiJ9",
          "dependencies": [
            "aws_db_subnet_group.mission_db_group",
            "aws_secretsmanager_secret.db",
            "aws_secretsmanager_secret_version.db",
            "aws_security_group.db",
            "aws_subnet.private",
            "aws_subnet.private_ingress",
            "aws_vpc.default",
            "data.aws_availability_zones.available",
            "random_password.default"
          ],
          "create_before_destroy": true
        }
      ]
    },
    {
      "mode": "managed",
      "type": "aws_db_subnet_group",
      "name": "mission_db_group",
      "provider": "provider[\"registry.terraform.io/hashicorp/aws\"]",
      "instances": [
        {
          "schema_version": 0,
          "attributes": {
            "arn": "arn:aws:rds:eu-central-1:637423458709:subgrp:terraform-workshop-db-group",
            "description": "Managed by Terraform",
            "id": "terraform-workshop-db-group",
            "name": "terraform-workshop-db-group",
            "name_prefix": "",
            "subnet_ids": [
              "subnet-0941982dfe87fbf71",
              "subnet-0a128874622395913"
            ],
            "supported_network_types": [
              "IPV4"
            ],
            "tags": {
              "Name": "terraform-workshop-db-group"
            },
            "tags_all": {
              "Management": "Terraform",
              "Name": "terraform-workshop-db-group"
            },
            "vpc_id": "vpc-04d21dd89638a47fb"
          },
          "sensitive_attributes": [],
          "private": "bnVsbA==",
          "dependencies": [
            "aws_subnet.private",
            "aws_vpc.default",
            "data.aws_availability_zones.available"
          ],
          "create_before_destroy": true
        }
      ]
    },
    {
      "mode": "managed",
      "type": "aws_efs_file_system",
      "name": "mission_app",
      "provider": "provider[\"registry.terraform.io/hashicorp/aws\"]",
      "instances": [
        {
          "schema_version": 0,
          "attributes": {
            "arn": "arn:aws:elasticfilesystem:eu-central-1:637423458709:file-system/fs-04d364b73e935e10c",
            "availability_zone_id": "",
            "availability_zone_name": "",
            "creation_token": "terraform-workshop-efs",
            "dns_name": "fs-04d364b73e935e10c.efs.eu-central-1.amazonaws.com",
            "encrypted": true,
            "id": "fs-04d364b73e935e10c",
            "kms_key_id": "arn:aws:kms:eu-central-1:637423458709:key/ac4f85b7-2502-40f1-b3f5-525d8964fff7",
            "lifecycle_policy": [],
            "name": "terraform-workshop-efs",
            "number_of_mount_targets": 2,
            "owner_id": "637423458709",
            "performance_mode": "generalPurpose",
            "protection": [
              {
                "replication_overwrite": "ENABLED"
              }
            ],
            "provisioned_throughput_in_mibps": 0,
            "size_in_bytes": [
              {
                "value": 6144,
                "value_in_ia": 0,
                "value_in_standard": 6144
              }
            ],
            "tags": {
              "Name": "terraform-workshop-efs"
            },
            "tags_all": {
              "Management": "Terraform",
              "Name": "terraform-workshop-efs"
            },
            "throughput_mode": "bursting"
          },
          "sensitive_attributes": [],
          "private": "bnVsbA==",
          "create_before_destroy": true
        }
      ]
    },
    {
      "mode": "managed",
      "type": "aws_efs_mount_target",
      "name": "mission_app_targets",
      "provider": "provider[\"registry.terraform.io/hashicorp/aws\"]",
      "instances": [
        {
          "index_key": 0,
          "schema_version": 0,
          "attributes": {
            "availability_zone_id": "euc1-az2",
            "availability_zone_name": "eu-central-1a",
            "dns_name": "fs-04d364b73e935e10c.efs.eu-central-1.amazonaws.com",
            "file_system_arn": "arn:aws:elasticfilesystem:eu-central-1:637423458709:file-system/fs-04d364b73e935e10c",
            "file_system_id": "fs-04d364b73e935e10c",
            "id": "fsmt-09fcff3a97f36d143",
            "ip_address": "10.0.4.190",
            "mount_target_dns_name": "eu-central-1a.fs-04d364b73e935e10c.efs.eu-central-1.amazonaws.com",
            "network_interface_id": "eni-0d07fbf603acdfc4b",
            "owner_id": "637423458709",
            "security_groups": [
              "sg-00177e6545efeed04"
            ],
            "subnet_id": "subnet-047f143745196f11b",
            "timeouts": null
          },
          "sensitive_attributes": [],
          "private": "eyJlMmJmYjczMC1lY2FhLTExZTYtOGY4OC0zNDM2M2JjN2M0YzAiOnsiY3JlYXRlIjoxODAwMDAwMDAwMDAwLCJkZWxldGUiOjYwMDAwMDAwMDAwMH19",
          "dependencies": [
            "aws_efs_file_system.mission_app",
            "aws_security_group.nfs",
            "aws_subnet.private",
            "aws_subnet.private_ingress",
            "aws_vpc.default",
            "data.aws_availability_zones.available"
          ]
        },
        {
          "index_key": 1,
          "schema_version": 0,
          "attributes": {
            "availability_zone_id": "euc1-az3",
            "availability_zone_name": "eu-central-1b",
            "dns_name": "fs-04d364b73e935e10c.efs.eu-central-1.amazonaws.com",
            "file_system_arn": "arn:aws:elasticfilesystem:eu-central-1:637423458709:file-system/fs-04d364b73e935e10c",
            "file_system_id": "fs-04d364b73e935e10c",
            "id": "fsmt-0db5b9add289dc118",
            "ip_address": "10.0.5.110",
            "mount_target_dns_name": "eu-central-1b.fs-04d364b73e935e10c.efs.eu-central-1.amazonaws.com",
            "network_interface_id": "eni-0c388fe5562428eb9",
            "owner_id": "637423458709",
            "security_groups": [
              "sg-00177e6545efeed04"
            ],
            "subnet_id": "subnet-0d72ac342fedc0283",
            "timeouts": null
          },
          "sensitive_attributes": [],
          "private": "eyJlMmJmYjczMC1lY2FhLTExZTYtOGY4OC0zNDM2M2JjN2M0YzAiOnsiY3JlYXRlIjoxODAwMDAwMDAwMDAwLCJkZWxldGUiOjYwMDAwMDAwMDAwMH19",
          "dependencies": [
            "aws_efs_file_system.mission_app",
            "aws_security_group.nfs",
            "aws_subnet.private",
            "aws_subnet.private_ingress",
            "aws_vpc.default",
            "data.aws_availability_zones.available"
          ]
        }
      ]
    },
    {
      "mode": "managed",
      "type": "aws_eip",
      "name": "nat_gateway",
      "provider": "provider[\"registry.terraform.io/hashicorp/aws\"]",
      "instances": [
        {
          "index_key": 0,
          "schema_version": 0,
          "attributes": {
            "address": null,
            "allocation_id": "eipalloc-0040f5c775d609024",
            "arn": "arn:aws:ec2:eu-central-1:637423458709:elastic-ip/eipalloc-0040f5c775d609024",
            "associate_with_private_ip": null,
            "association_id": "eipassoc-0e1daf2bcb0f380ab",
            "carrier_ip": "",
            "customer_owned_ip": "",
            "customer_owned_ipv4_pool": "",
            "domain": "vpc",
            "id": "eipalloc-0040f5c775d609024",
            "instance": "",
            "network_border_group": "eu-central-1",
            "network_interface": "eni-0af0fa9c7c6605372",
            "private_dns": "ip-10-0-0-146.eu-central-1.compute.internal",
            "private_ip": "10.0.0.146",
            "ptr_record": "",
            "public_dns": "ec2-3-122-14-123.eu-central-1.compute.amazonaws.com",
            "public_ip": "3.122.14.123",
            "public_ipv4_pool": "amazon",
            "tags": {
              "Name": "terraform-workshop-private_ingress-nat-gateway-eip-0"
            },
            "tags_all": {
              "Management": "Terraform",
              "Name": "terraform-workshop-private_ingress-nat-gateway-eip-0"
            },
            "timeouts": null,
            "vpc": true
          },
          "sensitive_attributes": [],
          "private": "eyJlMmJmYjczMC1lY2FhLTExZTYtOGY4OC0zNDM2M2JjN2M0YzAiOnsiZGVsZXRlIjoxODAwMDAwMDAwMDAsInJlYWQiOjkwMDAwMDAwMDAwMCwidXBkYXRlIjozMDAwMDAwMDAwMDB9fQ==",
          "dependencies": [
            "aws_subnet.public",
            "aws_vpc.default",
            "data.aws_availability_zones.available"
          ]
        },
        {
          "index_key": 1,
          "schema_version": 0,
          "attributes": {
            "address": null,
            "allocation_id": "eipalloc-0475221eeea0f91bb",
            "arn": "arn:aws:ec2:eu-central-1:637423458709:elastic-ip/eipalloc-0475221eeea0f91bb",
            "associate_with_private_ip": null,
            "association_id": "eipassoc-0be7ed7b710a6fe00",
            "carrier_ip": "",
            "customer_owned_ip": "",
            "customer_owned_ipv4_pool": "",
            "domain": "vpc",
            "id": "eipalloc-0475221eeea0f91bb",
            "instance": "",
            "network_border_group": "eu-central-1",
            "network_interface": "eni-07ffd928508c00847",
            "private_dns": "ip-10-0-1-84.eu-central-1.compute.internal",
            "private_ip": "10.0.1.84",
            "ptr_record": "",
            "public_dns": "ec2-18-196-118-190.eu-central-1.compute.amazonaws.com",
            "public_ip": "18.196.118.190",
            "public_ipv4_pool": "amazon",
            "tags": {
              "Name": "terraform-workshop-private_ingress-nat-gateway-eip-1"
            },
            "tags_all": {
              "Management": "Terraform",
              "Name": "terraform-workshop-private_ingress-nat-gateway-eip-1"
            },
            "timeouts": null,
            "vpc": true
          },
          "sensitive_attributes": [],
          "private": "eyJlMmJmYjczMC1lY2FhLTExZTYtOGY4OC0zNDM2M2JjN2M0YzAiOnsiZGVsZXRlIjoxODAwMDAwMDAwMDAsInJlYWQiOjkwMDAwMDAwMDAwMCwidXBkYXRlIjozMDAwMDAwMDAwMDB9fQ==",
          "dependencies": [
            "aws_subnet.public",
            "aws_vpc.default",
            "data.aws_availability_zones.available"
          ]
        }
      ]
    },
    {
      "mode": "managed",
      "type": "aws_iam_instance_profile",
      "name": "app",
      "provider": "provider[\"registry.terraform.io/hashicorp/aws\"]",
      "instances": [
        {
          "schema_version": 0,
          "attributes": {
            "arn": "arn:aws:iam::637423458709:instance-profile/app-profile",
            "create_date": "2024-08-21T18:04:06Z",
            "id": "app-profile",
            "name": "app-profile",
            "name_prefix": "",
            "path": "/",
            "role": "app",
            "tags": {},
            "tags_all": {
              "Management": "Terraform"
            },
            "unique_id": "AIPAZI2LGDGKTRGYWPMU6"
          },
          "sensitive_attributes": [],
          "private": "bnVsbA==",
          "dependencies": [
            "aws_iam_role.app",
            "data.aws_iam_policy.database",
            "data.aws_iam_policy.ssm_managed",
            "data.aws_iam_policy_document.assume_role"
          ],
          "create_before_destroy": true
        }
      ]
    },
    {
      "mode": "managed",
      "type": "aws_iam_instance_profile",
      "name": "web_hosting",
      "provider": "provider[\"registry.terraform.io/hashicorp/aws\"]",
      "instances": [
        {
          "schema_version": 0,
          "attributes": {
            "arn": "arn:aws:iam::637423458709:instance-profile/web-hosting-profile",
            "create_date": "2024-08-21T18:04:06Z",
            "id": "web-hosting-profile",
            "name": "web-hosting-profile",
            "name_prefix": "",
            "path": "/",
            "role": "web_hosting",
            "tags": {},
            "tags_all": {
              "Management": "Terraform"
            },
            "unique_id": "AIPAZI2LGDGKX2NZJE4G7"
          },
          "sensitive_attributes": [],
          "private": "bnVsbA==",
          "dependencies": [
            "aws_iam_role.web_hosting",
            "data.aws_iam_policy.s3_ReadOnly",
            "data.aws_iam_policy.ssm_managed",
            "data.aws_iam_policy_document.assume_role"
          ],
          "create_before_destroy": true
        }
      ]
    },
    {
      "mode": "managed",
      "type": "aws_iam_role",
      "name": "app",
      "provider": "provider[\"registry.terraform.io/hashicorp/aws\"]",
      "instances": [
        {
          "schema_version": 0,
          "attributes": {
            "arn": "arn:aws:iam::637423458709:role/app",
            "assume_role_policy": "{\"Statement\":[{\"Action\":\"sts:AssumeRole\",\"Effect\":\"Allow\",\"Principal\":{\"Service\":\"ec2.amazonaws.com\"}}],\"Version\":\"2012-10-17\"}",
            "create_date": "2024-08-21T18:04:04Z",
            "description": "",
            "force_detach_policies": false,
            "id": "app",
            "inline_policy": [],
            "managed_policy_arns": [
              "arn:aws:iam::aws:policy/AmazonRDSDataFullAccess",
              "arn:aws:iam::aws:policy/AmazonSSMManagedInstanceCore"
            ],
            "max_session_duration": 3600,
            "name": "app",
            "name_prefix": "",
            "path": "/",
            "permissions_boundary": "",
            "tags": {},
            "tags_all": {
              "Management": "Terraform"
            },
            "unique_id": "AROAZI2LGDGKWWSCGQJD4"
          },
          "sensitive_attributes": [],
          "private": "bnVsbA==",
          "dependencies": [
            "data.aws_iam_policy.database",
            "data.aws_iam_policy.ssm_managed",
            "data.aws_iam_policy_document.assume_role"
          ],
          "create_before_destroy": true
        }
      ]
    },
    {
      "mode": "managed",
      "type": "aws_iam_role",
      "name": "web_hosting",
      "provider": "provider[\"registry.terraform.io/hashicorp/aws\"]",
      "instances": [
        {
          "schema_version": 0,
          "attributes": {
            "arn": "arn:aws:iam::637423458709:role/web_hosting",
            "assume_role_policy": "{\"Statement\":[{\"Action\":\"sts:AssumeRole\",\"Effect\":\"Allow\",\"Principal\":{\"Service\":\"ec2.amazonaws.com\"}}],\"Version\":\"2012-10-17\"}",
            "create_date": "2024-08-21T18:04:04Z",
            "description": "",
            "force_detach_policies": false,
            "id": "web_hosting",
            "inline_policy": [],
            "managed_policy_arns": [
              "arn:aws:iam::aws:policy/AmazonS3ReadOnlyAccess",
              "arn:aws:iam::aws:policy/AmazonSSMManagedInstanceCore"
            ],
            "max_session_duration": 3600,
            "name": "web_hosting",
            "name_prefix": "",
            "path": "/",
            "permissions_boundary": "",
            "tags": {},
            "tags_all": {
              "Management": "Terraform"
            },
            "unique_id": "AROAZI2LGDGK3N33EBMW5"
          },
          "sensitive_attributes": [],
          "private": "bnVsbA==",
          "dependencies": [
            "data.aws_iam_policy.s3_ReadOnly",
            "data.aws_iam_policy.ssm_managed",
            "data.aws_iam_policy_document.assume_role"
          ],
          "create_before_destroy": true
        }
      ]
    },
    {
      "mode": "managed",
      "type": "aws_instance",
      "name": "staging_app",
      "provider": "provider[\"registry.terraform.io/hashicorp/aws\"]",
      "instances": [
        {
          "schema_version": 1,
          "attributes": {
            "ami": "ami-0de02246788e4a354",
            "arn": "arn:aws:ec2:eu-central-1:637423458709:instance/i-036456596f89290ad",
            "associate_public_ip_address": false,
            "availability_zone": "eu-central-1a",
            "capacity_reservation_specification": [
              {
                "capacity_reservation_preference": "open",
                "capacity_reservation_target": []
              }
            ],
            "cpu_core_count": 1,
            "cpu_options": [
              {
                "amd_sev_snp": "",
                "core_count": 1,
                "threads_per_core": 2
              }
            ],
            "cpu_threads_per_core": 2,
            "credit_specification": [],
            "disable_api_stop": false,
            "disable_api_termination": false,
            "ebs_block_device": [],
            "ebs_optimized": false,
            "enclave_options": [
              {
                "enabled": false
              }
            ],
            "ephemeral_block_device": [],
            "get_password_data": false,
            "hibernation": false,
            "host_id": "",
            "host_resource_group_arn": null,
            "iam_instance_profile": "app-profile",
            "id": "i-036456596f89290ad",
            "instance_initiated_shutdown_behavior": "stop",
            "instance_lifecycle": "",
            "instance_market_options": [],
            "instance_state": "running",
            "instance_type": "m5.large",
            "ipv6_address_count": 0,
            "ipv6_addresses": [],
            "key_name": "",
            "launch_template": [],
            "maintenance_options": [
              {
                "auto_recovery": "default"
              }
            ],
            "metadata_options": [
              {
                "http_endpoint": "enabled",
                "http_protocol_ipv6": "disabled",
                "http_put_response_hop_limit": 1,
                "http_tokens": "required",
                "instance_metadata_tags": "enabled"
              }
            ],
            "monitoring": false,
            "network_interface": [],
            "outpost_arn": "",
            "password_data": "",
            "placement_group": "",
            "placement_partition_number": 0,
            "primary_network_interface_id": "eni-0a380b467a34dbd2d",
            "private_dns": "ip-10-0-4-179.eu-central-1.compute.internal",
            "private_dns_name_options": [
              {
                "enable_resource_name_dns_a_record": false,
                "enable_resource_name_dns_aaaa_record": false,
                "hostname_type": "ip-name"
              }
            ],
            "private_ip": "10.0.4.179",
            "public_dns": "",
            "public_ip": "",
            "root_block_device": [
              {
                "delete_on_termination": true,
                "device_name": "/dev/xvda",
                "encrypted": true,
                "iops": 3000,
                "kms_key_id": "arn:aws:kms:eu-central-1:637423458709:key/274d7292-1710-4ec4-a91e-70a57a50eb5b",
                "tags": {},
                "tags_all": {
                  "Management": "Terraform"
                },
                "throughput": 125,
                "volume_id": "vol-0a4798090a698e691",
                "volume_size": 8,
                "volume_type": "gp3"
              }
            ],
            "secondary_private_ips": [],
            "security_groups": [],
            "source_dest_check": true,
            "spot_instance_request_id": "",
            "subnet_id": "subnet-047f143745196f11b",
            "tags": {
              "Name": "terraform-workshop-staging_app-eu-central-1a"
            },
            "tags_all": {
              "Management": "Terraform",
              "Name": "terraform-workshop-staging_app-eu-central-1a"
            },
            "tenancy": "default",
            "timeouts": null,
            "user_data": "cb83d50a3f90c20bc3c3bba2622e3d5fbb42671a",
            "user_data_base64": null,
            "user_data_replace_on_change": true,
            "volume_tags": null,
            "vpc_security_group_ids": [
              "sg-0bb112e97b6b28206"
            ]
          },
          "sensitive_attributes": [
            [
              {
                "type": "get_attr",
                "value": "user_data"
              }
            ]
          ],
          "private": "eyJlMmJmYjczMC1lY2FhLTExZTYtOGY4OC0zNDM2M2JjN2M0YzAiOnsiY3JlYXRlIjo2MDAwMDAwMDAwMDAsImRlbGV0ZSI6MTIwMDAwMDAwMDAwMCwicmVhZCI6OTAwMDAwMDAwMDAwLCJ1cGRhdGUiOjYwMDAwMDAwMDAwMH0sInNjaGVtYV92ZXJzaW9uIjoiMSJ9",
          "dependencies": [
            "aws_cloudfront_cache_policy.default",
            "aws_cloudfront_distribution.mission_app",
            "aws_db_instance.wp_mysql",
            "aws_db_subnet_group.mission_db_group",
            "aws_efs_file_system.mission_app",
            "aws_iam_instance_profile.app",
            "aws_iam_role.app",
            "aws_lb.mission_app",
            "aws_s3_bucket.mission_app",
            "aws_s3_object.mission_app-private_key",
            "aws_s3_object.mission_app-public_key",
            "aws_secretsmanager_secret.db",
            "aws_secretsmanager_secret_version.db",
            "aws_security_group.app",
            "aws_security_group.db",
            "aws_subnet.private",
            "aws_subnet.private_ingress",
            "aws_vpc.default",
            "data.aws_ami.linux",
            "data.aws_availability_zones.available",
            "data.aws_iam_policy.database",
            "data.aws_iam_policy.ssm_managed",
            "data.aws_iam_policy_document.assume_role",
            "data.aws_region.current",
            "random_password.default",
            "tls_private_key.mission_app",
            "tls_self_signed_cert.mission_app"
          ],
          "create_before_destroy": true
        }
      ]
    },
    {
      "mode": "managed",
      "type": "aws_internet_gateway",
      "name": "default",
      "provider": "provider[\"registry.terraform.io/hashicorp/aws\"]",
      "instances": [
        {
          "schema_version": 0,
          "attributes": {
            "arn": "arn:aws:ec2:eu-central-1:637423458709:internet-gateway/igw-0a4b1a87466cf12d4",
            "id": "igw-0a4b1a87466cf12d4",
            "owner_id": "637423458709",
            "tags": {
              "Name": "terraform-workshop-internet-gateway"
            },
            "tags_all": {
              "Management": "Terraform",
              "Name": "terraform-workshop-internet-gateway"
            },
            "timeouts": null,
            "vpc_id": "vpc-04d21dd89638a47fb"
          },
          "sensitive_attributes": [],
          "private": "eyJlMmJmYjczMC1lY2FhLTExZTYtOGY4OC0zNDM2M2JjN2M0YzAiOnsiY3JlYXRlIjoxMjAwMDAwMDAwMDAwLCJkZWxldGUiOjEyMDAwMDAwMDAwMDAsInVwZGF0ZSI6MTIwMDAwMDAwMDAwMH19",
          "dependencies": [
            "aws_vpc.default",
            "data.aws_availability_zones.available"
          ]
        }
      ]
    },
    {
      "mode": "managed",
      "type": "aws_launch_template",
      "name": "mission_app_lc",
      "provider": "provider[\"registry.terraform.io/hashicorp/aws\"]",
      "instances": [
        {
          "schema_version": 0,
          "attributes": {
            "arn": "arn:aws:ec2:eu-central-1:637423458709:launch-template/lt-0ad741ae3f4c5905c",
            "block_device_mappings": [
              {
                "device_name": "/dev/xvda",
                "ebs": [
                  {
                    "delete_on_termination": "true",
                    "encrypted": "true",
                    "iops": 0,
                    "kms_key_id": "",
                    "snapshot_id": "",
                    "throughput": 0,
                    "volume_size": 0,
                    "volume_type": ""
                  }
                ],
                "no_device": "",
                "virtual_name": ""
              }
            ],
            "capacity_reservation_specification": [],
            "cpu_options": [],
            "credit_specification": [],
            "default_version": 1,
            "description": "",
            "disable_api_stop": false,
            "disable_api_termination": false,
            "ebs_optimized": "true",
            "elastic_gpu_specifications": [],
            "elastic_inference_accelerator": [],
            "enclave_options": [],
            "hibernation_options": [],
            "iam_instance_profile": [
              {
                "arn": "",
                "name": "web-hosting-profile"
              }
            ],
            "id": "lt-0ad741ae3f4c5905c",
            "image_id": "ami-09ca20f8086c07eed",
            "instance_initiated_shutdown_behavior": "",
            "instance_market_options": [],
            "instance_requirements": [
              {
                "accelerator_count": [],
                "accelerator_manufacturers": [],
                "accelerator_names": [],
                "accelerator_total_memory_mib": [],
                "accelerator_types": [],
                "allowed_instance_types": [
                  "m*"
                ],
                "bare_metal": "",
                "baseline_ebs_bandwidth_mbps": [],
                "burstable_performance": "",
                "cpu_manufacturers": [],
                "excluded_instance_types": [],
                "instance_generations": [
                  "current"
                ],
                "local_storage": "",
                "local_storage_types": [],
                "max_spot_price_as_percentage_of_optimal_on_demand_price": 0,
                "memory_gib_per_vcpu": [],
                "memory_mib": [
                  {
                    "max": 0,
                    "min": 8192
                  }
                ],
                "network_bandwidth_gbps": [],
                "network_interface_count": [],
                "on_demand_max_price_percentage_over_lowest_price": 0,
                "require_hibernate_support": false,
                "spot_max_price_percentage_over_lowest_price": 0,
                "total_local_storage_gb": [],
                "vcpu_count": [
                  {
                    "max": 0,
                    "min": 2
                  }
                ]
              }
            ],
            "instance_type": "",
            "kernel_id": "",
            "key_name": "",
            "latest_version": 1,
            "license_specification": [],
            "maintenance_options": [],
            "metadata_options": [
              {
                "http_endpoint": "enabled",
                "http_protocol_ipv6": "",
                "http_put_response_hop_limit": 1,
                "http_tokens": "required",
                "instance_metadata_tags": "enabled"
              }
            ],
            "monitoring": [
              {
                "enabled": true
              }
            ],
            "name": "terraform-workshop-mission_app_iac_lc-20240821180519023600000012",
            "name_prefix": "terraform-workshop-mission_app_iac_lc-",
            "network_interfaces": [],
            "placement": [],
            "private_dns_name_options": [],
            "ram_disk_id": "",
            "security_group_names": [],
            "tag_specifications": [],
            "tags": {},
            "tags_all": {
              "Management": "Terraform"
            },
            "update_default_version": true,
            "user_data": "IyEvYmluL2Jhc2gKCkRPTUFJTl9OQU1FPXdvcmRwcmVzcy1pYWMuZGVtby5jb20KCm1rZGlyIC1wIC92YXIvd3d3L2h0bWwvCm1vdW50IC10IG5mczQgLW8gbmZzdmVycz00LjEscnNpemU9MTA0ODU3Nix3c2l6ZT0xMDQ4NTc2LGhhcmQsdGltZW89NjAwLHJldHJhbnM9Mixub3Jlc3Zwb3J0IGZzLTA0ZDM2NGI3M2U5MzVlMTBjLmVmcy5ldS1jZW50cmFsLTEuYW1hem9uYXdzLmNvbTovIC92YXIvd3d3L2h0bWwvCnl1bSBpbnN0YWxsIC15IGFtYXpvbi1lZnMtdXRpbHMKZWNobyAnZnMtMDRkMzY0YjczZTkzNWUxMGMuZWZzLmV1LWNlbnRyYWwtMS5hbWF6b25hd3MuY29tOi8gL3Zhci93d3cvaHRtbC8gZWZzIGRlZmF1bHRzLF9uZXRkZXYgMCAwJyA+Pi9ldGMvZnN0YWIKeXVtIGluc3RhbGwgLXkgaHR0cGQKc3lzdGVtY3RsIHN0YXJ0IGh0dHBkCnN5c3RlbWN0bCBlbmFibGUgaHR0cGQKeXVtIGNsZWFuIG1ldGFkYXRhCnl1bSBpbnN0YWxsIC15IHBocCBwaHAtY2xpIHBocC1wZG8gcGhwLWZwbSBwaHAtanNvbiBwaHAtbXlzcWxuZCBwaHAtZG9tCnNlZCAtaSAiLzxEaXJlY3RvcnkgXC8+LywvPFwvRGlyZWN0b3J5Pi9jXAo8RGlyZWN0b3J5IFwvPlxuXAogICAgT3B0aW9ucyBGb2xsb3dTeW1MaW5rc1xuXAogICAgQWxsb3dPdmVycmlkZSBBbGxcblwKPFwvRGlyZWN0b3J5PiIgL2V0Yy9odHRwZC9jb25mL2h0dHBkLmNvbmYKc2VkIC1pICJzL0FsbG93T3ZlcnJpZGUgTm9uZS9BbGxvd092ZXJyaWRlIEFsbC9nIiAvZXRjL2h0dHBkL2NvbmYvaHR0cGQuY29uZgp5dW0gaW5zdGFsbCAteSBtb2Rfc3NsCnNlZCAtaSAicy9sb2NhbGhvc3QuY3J0L3NlcnZlci5jcnQvZyIgL2V0Yy9odHRwZC9jb25mLmQvc3NsLmNvbmYKc2VkIC1pICJzL2xvY2FsaG9zdC5rZXkvc2VydmVyLmtleS9nIiAvZXRjL2h0dHBkL2NvbmYuZC9zc2wuY29uZgoKIyBDcmVhdGUgc2VsZiBzaWduZWQga2V5Cm9wZW5zc2wgcmVxIC14NTA5IC1uZXdrZXkgcnNhOjQwOTYgXAogIC1zaGEyNTYgLWRheXMgMzY1MCBcCiAgLW5vZGVzIFwKICAta2V5b3V0IC9ldGMvcGtpL3Rscy9wcml2YXRlL3NlcnZlci5rZXkgXAogIC1vdXQgL2V0Yy9wa2kvdGxzL2NlcnRzL3NlcnZlci5jcnQgXAogIC1zdWJqICIvQz1VU0EvU1Q9Q0EvTD1TYW4gRGllZ28vTz1BbWF6b24gV2ViIFNlcnZpY2VzL09VPVdXUFMgUHJvU2VydmUvQ049JERPTUFJTl9OQU1FIgoKYXdzIHMzIGNwIHMzOi8vdGVycmFmb3JtLXdvcmtzaG9wLW1pc3Npb24tYXBwLTIwMjQwODIxMTgwNDAzNjExOTAwMDAwMDAzL3NlcnZlci5rZXkgL2V0Yy9wa2kvdGxzL3ByaXZhdGUvc2VydmVyLmtleQphd3MgczMgY3AgczM6Ly90ZXJyYWZvcm0td29ya3Nob3AtbWlzc2lvbi1hcHAtMjAyNDA4MjExODA0MDM2MTE5MDAwMDAwMDMvc2VydmVyLmNydCAvZXRjL3BraS90bHMvY2VydHMvc2VydmVyLmNydAoKc3lzdGVtY3RsIHJlc3RhcnQgaHR0cGQK",
            "vpc_security_group_ids": [
              "sg-0bb112e97b6b28206"
            ]
          },
          "sensitive_attributes": [],
          "private": "bnVsbA==",
          "dependencies": [
            "aws_ami_copy.mission_app_ami",
            "aws_efs_file_system.mission_app",
            "aws_iam_instance_profile.web_hosting",
            "aws_iam_role.web_hosting",
            "aws_s3_bucket.mission_app",
            "aws_security_group.app",
            "aws_vpc.default",
            "data.aws_ami.linux",
            "data.aws_availability_zones.available",
            "data.aws_iam_policy.s3_ReadOnly",
            "data.aws_iam_policy.ssm_managed",
            "data.aws_iam_policy_document.assume_role",
            "data.aws_region.current"
          ],
          "create_before_destroy": true
        }
      ]
    },
    {
      "mode": "managed",
      "type": "aws_lb",
      "name": "mission_app",
      "provider": "provider[\"registry.terraform.io/hashicorp/aws\"]",
      "instances": [
        {
          "schema_version": 0,
          "attributes": {
            "access_logs": [
              {
                "bucket": "",
                "enabled": false,
                "prefix": ""
              }
            ],
            "arn": "arn:aws:elasticloadbalancing:eu-central-1:637423458709:loadbalancer/app/terraform-workshop-alb/220fc608a432dddb",
            "arn_suffix": "app/terraform-workshop-alb/220fc608a432dddb",
            "client_keep_alive": 3600,
            "connection_logs": [
              {
                "bucket": "",
                "enabled": false,
                "prefix": ""
              }
            ],
            "customer_owned_ipv4_pool": "",
            "desync_mitigation_mode": "defensive",
            "dns_name": "terraform-workshop-alb-834209773.eu-central-1.elb.amazonaws.com",
            "dns_record_client_routing_policy": null,
            "drop_invalid_header_fields": false,
            "enable_cross_zone_load_balancing": true,
            "enable_deletion_protection": false,
            "enable_http2": true,
            "enable_tls_version_and_cipher_suite_headers": false,
            "enable_waf_fail_open": false,
            "enable_xff_client_port": false,
            "enforce_security_group_inbound_rules_on_private_link_traffic": "",
            "id": "arn:aws:elasticloadbalancing:eu-central-1:637423458709:loadbalancer/app/terraform-workshop-alb/220fc608a432dddb",
            "idle_timeout": 60,
            "internal": false,
            "ip_address_type": "ipv4",
            "load_balancer_type": "application",
            "name": "terraform-workshop-alb",
            "name_prefix": "",
            "preserve_host_header": false,
            "security_groups": [
              "sg-0bb112e97b6b28206"
            ],
            "subnet_mapping": [
              {
                "allocation_id": "",
                "ipv6_address": "",
                "outpost_id": "",
                "private_ipv4_address": "",
                "subnet_id": "subnet-0941982dfe87fbf71"
              },
              {
                "allocation_id": "",
                "ipv6_address": "",
                "outpost_id": "",
                "private_ipv4_address": "",
                "subnet_id": "subnet-0a128874622395913"
              }
            ],
            "subnets": [
              "subnet-0941982dfe87fbf71",
              "subnet-0a128874622395913"
            ],
            "tags": {
              "Name": "terraform-workshop-lb"
            },
            "tags_all": {
              "Management": "Terraform",
              "Name": "terraform-workshop-lb"
            },
            "timeouts": null,
            "vpc_id": "vpc-04d21dd89638a47fb",
            "xff_header_processing_mode": "append",
            "zone_id": "Z215JYRZR1TBD5"
          },
          "sensitive_attributes": [],
          "private": "eyJlMmJmYjczMC1lY2FhLTExZTYtOGY4OC0zNDM2M2JjN2M0YzAiOnsiY3JlYXRlIjo2MDAwMDAwMDAwMDAsImRlbGV0ZSI6NjAwMDAwMDAwMDAwLCJ1cGRhdGUiOjYwMDAwMDAwMDAwMH19",
          "dependencies": [
            "aws_security_group.app",
            "aws_subnet.private",
            "aws_vpc.default",
            "data.aws_availability_zones.available"
          ],
          "create_before_destroy": true
        }
      ]
    },
    {
      "mode": "managed",
      "type": "aws_lb_listener",
      "name": "mission_app_http",
      "provider": "provider[\"registry.terraform.io/hashicorp/aws\"]",
      "instances": [
        {
          "schema_version": 0,
          "attributes": {
            "alpn_policy": null,
            "arn": "arn:aws:elasticloadbalancing:eu-central-1:637423458709:listener/app/terraform-workshop-alb/220fc608a432dddb/49f8730a0e875370",
            "certificate_arn": null,
            "default_action": [
              {
                "authenticate_cognito": [],
                "authenticate_oidc": [],
                "fixed_response": [],
                "forward": [],
                "order": 1,
                "redirect": [],
                "target_group_arn": "arn:aws:elasticloadbalancing:eu-central-1:637423458709:targetgroup/terraform-workshop-lb-tg/a796518012c6df60",
                "type": "forward"
              }
            ],
            "id": "arn:aws:elasticloadbalancing:eu-central-1:637423458709:listener/app/terraform-workshop-alb/220fc608a432dddb/49f8730a0e875370",
            "load_balancer_arn": "arn:aws:elasticloadbalancing:eu-central-1:637423458709:loadbalancer/app/terraform-workshop-alb/220fc608a432dddb",
            "mutual_authentication": [],
            "port": 80,
            "protocol": "HTTP",
            "ssl_policy": "",
            "tags": {},
            "tags_all": {
              "Management": "Terraform"
            },
            "timeouts": null
          },
          "sensitive_attributes": [],
          "private": "eyJlMmJmYjczMC1lY2FhLTExZTYtOGY4OC0zNDM2M2JjN2M0YzAiOnsiY3JlYXRlIjozMDAwMDAwMDAwMDAsInVwZGF0ZSI6MzAwMDAwMDAwMDAwfX0=",
          "dependencies": [
            "aws_lb.mission_app",
            "aws_lb_target_group.mission_app",
            "aws_security_group.app",
            "aws_subnet.private",
            "aws_vpc.default",
            "data.aws_availability_zones.available"
          ]
        }
      ]
    },
    {
      "mode": "managed",
      "type": "aws_lb_listener",
      "name": "mission_app_https",
      "provider": "provider[\"registry.terraform.io/hashicorp/aws\"]",
      "instances": [
        {
          "schema_version": 0,
          "attributes": {
            "alpn_policy": null,
            "arn": "arn:aws:elasticloadbalancing:eu-central-1:637423458709:listener/app/terraform-workshop-alb/220fc608a432dddb/8c8efc8d218e5df3",
            "certificate_arn": "arn:aws:acm:eu-central-1:637423458709:certificate/0ac3aa2d-be14-4364-a4af-b2d219e63d23",
            "default_action": [
              {
                "authenticate_cognito": [],
                "authenticate_oidc": [],
                "fixed_response": [],
                "forward": [],
                "order": 1,
                "redirect": [],
                "target_group_arn": "arn:aws:elasticloadbalancing:eu-central-1:637423458709:targetgroup/terraform-workshop-lb-tg/a796518012c6df60",
                "type": "forward"
              }
            ],
            "id": "arn:aws:elasticloadbalancing:eu-central-1:637423458709:listener/app/terraform-workshop-alb/220fc608a432dddb/8c8efc8d218e5df3",
            "load_balancer_arn": "arn:aws:elasticloadbalancing:eu-central-1:637423458709:loadbalancer/app/terraform-workshop-alb/220fc608a432dddb",
            "mutual_authentication": [
              {
                "ignore_client_certificate_expiry": false,
                "mode": "off",
                "trust_store_arn": ""
              }
            ],
            "port": 443,
            "protocol": "HTTPS",
            "ssl_policy": "ELBSecurityPolicy-2016-08",
            "tags": {},
            "tags_all": {
              "Management": "Terraform"
            },
            "timeouts": null
          },
          "sensitive_attributes": [],
          "private": "eyJlMmJmYjczMC1lY2FhLTExZTYtOGY4OC0zNDM2M2JjN2M0YzAiOnsiY3JlYXRlIjozMDAwMDAwMDAwMDAsInVwZGF0ZSI6MzAwMDAwMDAwMDAwfX0=",
          "dependencies": [
            "aws_acm_certificate.mission_app_private",
            "aws_lb.mission_app",
            "aws_lb_target_group.mission_app",
            "aws_security_group.app",
            "aws_subnet.private",
            "aws_vpc.default",
            "data.aws_availability_zones.available",
            "tls_private_key.mission_app",
            "tls_self_signed_cert.mission_app"
          ]
        }
      ]
    },
    {
      "mode": "managed",
      "type": "aws_lb_listener_rule",
      "name": "redirect_cloudfront_to_http",
      "provider": "provider[\"registry.terraform.io/hashicorp/aws\"]",
      "instances": [
        {
          "schema_version": 0,
          "attributes": {
            "action": [
              {
                "authenticate_cognito": [],
                "authenticate_oidc": [],
                "fixed_response": [],
                "forward": [],
                "order": 1,
                "redirect": [],
                "target_group_arn": "arn:aws:elasticloadbalancing:eu-central-1:637423458709:targetgroup/terraform-workshop-lb-tg/a796518012c6df60",
                "type": "forward"
              }
            ],
            "arn": "arn:aws:elasticloadbalancing:eu-central-1:637423458709:listener-rule/app/terraform-workshop-alb/220fc608a432dddb/49f8730a0e875370/3e9e8ab694c17340",
            "condition": [
              {
                "host_header": [],
                "http_header": [
                  {
                    "http_header_name": "X-Request",
                    "values": [
                      "terraform-workshop-alb-834209773.eu-central-1.elb.amazonaws.com"
                    ]
                  }
                ],
                "http_request_method": [],
                "path_pattern": [],
                "query_string": [],
                "source_ip": []
              }
            ],
            "id": "arn:aws:elasticloadbalancing:eu-central-1:637423458709:listener-rule/app/terraform-workshop-alb/220fc608a432dddb/49f8730a0e875370/3e9e8ab694c17340",
            "listener_arn": "arn:aws:elasticloadbalancing:eu-central-1:637423458709:listener/app/terraform-workshop-alb/220fc608a432dddb/49f8730a0e875370",
            "priority": 100,
            "tags": {},
            "tags_all": {
              "Management": "Terraform"
            }
          },
          "sensitive_attributes": [],
          "private": "bnVsbA==",
          "dependencies": [
            "aws_lb.mission_app",
            "aws_lb_listener.mission_app_http",
            "aws_lb_target_group.mission_app",
            "aws_security_group.app",
            "aws_subnet.private",
            "aws_vpc.default",
            "data.aws_availability_zones.available"
          ]
        }
      ]
    },
    {
      "mode": "managed",
      "type": "aws_lb_listener_rule",
      "name": "redirect_http_to_https",
      "provider": "provider[\"registry.terraform.io/hashicorp/aws\"]",
      "instances": [
        {
          "schema_version": 0,
          "attributes": {
            "action": [
              {
                "authenticate_cognito": [],
                "authenticate_oidc": [],
                "fixed_response": [],
                "forward": [],
                "order": 1,
                "redirect": [
                  {
                    "host": "#{host}",
                    "path": "/#{path}",
                    "port": "443",
                    "protocol": "HTTPS",
                    "query": "#{query}",
                    "status_code": "HTTP_301"
                  }
                ],
                "target_group_arn": "",
                "type": "redirect"
              }
            ],
            "arn": "arn:aws:elasticloadbalancing:eu-central-1:637423458709:listener-rule/app/terraform-workshop-alb/220fc608a432dddb/49f8730a0e875370/09dcb9cba8ddf6d4",
            "condition": [
              {
                "host_header": [
                  {
                    "values": [
                      "terraform-workshop-alb-834209773.eu-central-1.elb.amazonaws.com"
                    ]
                  }
                ],
                "http_header": [],
                "http_request_method": [],
                "path_pattern": [],
                "query_string": [],
                "source_ip": []
              }
            ],
            "id": "arn:aws:elasticloadbalancing:eu-central-1:637423458709:listener-rule/app/terraform-workshop-alb/220fc608a432dddb/49f8730a0e875370/09dcb9cba8ddf6d4",
            "listener_arn": "arn:aws:elasticloadbalancing:eu-central-1:637423458709:listener/app/terraform-workshop-alb/220fc608a432dddb/49f8730a0e875370",
            "priority": 200,
            "tags": {},
            "tags_all": {
              "Management": "Terraform"
            }
          },
          "sensitive_attributes": [],
          "private": "bnVsbA==",
          "dependencies": [
            "aws_lb.mission_app",
            "aws_lb_listener.mission_app_http",
            "aws_lb_target_group.mission_app",
            "aws_security_group.app",
            "aws_subnet.private",
            "aws_vpc.default",
            "data.aws_availability_zones.available"
          ]
        }
      ]
    },
    {
      "mode": "managed",
      "type": "aws_lb_target_group",
      "name": "mission_app",
      "provider": "provider[\"registry.terraform.io/hashicorp/aws\"]",
      "instances": [
        {
          "schema_version": 0,
          "attributes": {
            "arn": "arn:aws:elasticloadbalancing:eu-central-1:637423458709:targetgroup/terraform-workshop-lb-tg/a796518012c6df60",
            "arn_suffix": "targetgroup/terraform-workshop-lb-tg/a796518012c6df60",
            "connection_termination": null,
            "deregistration_delay": "300",
            "health_check": [
              {
                "enabled": true,
                "healthy_threshold": 3,
                "interval": 10,
                "matcher": "200",
                "path": "/",
                "port": "443",
                "protocol": "HTTPS",
                "timeout": 5,
                "unhealthy_threshold": 10
              }
            ],
            "id": "arn:aws:elasticloadbalancing:eu-central-1:637423458709:targetgroup/terraform-workshop-lb-tg/a796518012c6df60",
            "ip_address_type": "ipv4",
            "lambda_multi_value_headers_enabled": false,
            "load_balancer_arns": [
              "arn:aws:elasticloadbalancing:eu-central-1:637423458709:loadbalancer/app/terraform-workshop-alb/220fc608a432dddb"
            ],
            "load_balancing_algorithm_type": "round_robin",
            "load_balancing_anomaly_mitigation": "off",
            "load_balancing_cross_zone_enabled": "use_load_balancer_configuration",
            "name": "terraform-workshop-lb-tg",
            "name_prefix": "",
            "port": 443,
            "preserve_client_ip": null,
            "protocol": "HTTPS",
            "protocol_version": "HTTP1",
            "proxy_protocol_v2": false,
            "slow_start": 0,
            "stickiness": [
              {
                "cookie_duration": 1800,
                "cookie_name": "",
                "enabled": true,
                "type": "lb_cookie"
              }
            ],
            "tags": {},
            "tags_all": {
              "Management": "Terraform"
            },
            "target_failover": [
              {
                "on_deregistration": null,
                "on_unhealthy": null
              }
            ],
            "target_group_health": [
              {
                "dns_failover": [
                  {
                    "minimum_healthy_targets_count": "1",
                    "minimum_healthy_targets_percentage": "off"
                  }
                ],
                "unhealthy_state_routing": [
                  {
                    "minimum_healthy_targets_count": 1,
                    "minimum_healthy_targets_percentage": "off"
                  }
                ]
              }
            ],
            "target_health_state": [
              {
                "enable_unhealthy_connection_termination": null,
                "unhealthy_draining_interval": null
              }
            ],
            "target_type": "instance",
            "vpc_id": "vpc-04d21dd89638a47fb"
          },
          "sensitive_attributes": [],
          "private": "bnVsbA==",
          "dependencies": [
            "aws_vpc.default",
            "data.aws_availability_zones.available"
          ],
          "create_before_destroy": true
        }
      ]
    },
    {
      "mode": "managed",
      "type": "aws_main_route_table_association",
      "name": "default",
      "provider": "provider[\"registry.terraform.io/hashicorp/aws\"]",
      "instances": [
        {
          "schema_version": 0,
          "attributes": {
            "id": "rtbassoc-078194fbec1c4d4e9",
            "original_route_table_id": "rtb-04171f17e4268165f",
            "route_table_id": "rtb-0017052a9d689be9f",
            "timeouts": null,
            "vpc_id": "vpc-04d21dd89638a47fb"
          },
          "sensitive_attributes": [],
          "private": "eyJlMmJmYjczMC1lY2FhLTExZTYtOGY4OC0zNDM2M2JjN2M0YzAiOnsiY3JlYXRlIjozMDAwMDAwMDAwMDAsImRlbGV0ZSI6MzAwMDAwMDAwMDAwLCJ1cGRhdGUiOjEyMDAwMDAwMDAwMH19",
          "dependencies": [
            "aws_internet_gateway.default",
            "aws_route_table.public",
            "aws_vpc.default",
            "data.aws_availability_zones.available"
          ]
        }
      ]
    },
    {
      "mode": "managed",
      "type": "aws_nat_gateway",
      "name": "default",
      "provider": "provider[\"registry.terraform.io/hashicorp/aws\"]",
      "instances": [
        {
          "index_key": 0,
          "schema_version": 0,
          "attributes": {
            "allocation_id": "eipalloc-0040f5c775d609024",
            "association_id": "eipassoc-0e1daf2bcb0f380ab",
            "connectivity_type": "public",
            "id": "nat-0bb995587dcabe6da",
            "network_interface_id": "eni-0af0fa9c7c6605372",
            "private_ip": "10.0.0.146",
            "public_ip": "3.122.14.123",
            "secondary_allocation_ids": [],
            "secondary_private_ip_address_count": 0,
            "secondary_private_ip_addresses": [],
            "subnet_id": "subnet-0724ad41e5dc59828",
            "tags": {
              "Name": "terraform-workshop-private_ingress-nat-gateway-0"
            },
            "tags_all": {
              "Management": "Terraform",
              "Name": "terraform-workshop-private_ingress-nat-gateway-0"
            },
            "timeouts": null
          },
          "sensitive_attributes": [],
          "private": "eyJlMmJmYjczMC1lY2FhLTExZTYtOGY4OC0zNDM2M2JjN2M0YzAiOnsiY3JlYXRlIjo2MDAwMDAwMDAwMDAsImRlbGV0ZSI6MTgwMDAwMDAwMDAwMCwidXBkYXRlIjo2MDAwMDAwMDAwMDB9fQ==",
          "dependencies": [
            "aws_eip.nat_gateway",
            "aws_internet_gateway.default",
            "aws_subnet.public",
            "aws_vpc.default",
            "data.aws_availability_zones.available"
          ]
        },
        {
          "index_key": 1,
          "schema_version": 0,
          "attributes": {
            "allocation_id": "eipalloc-0475221eeea0f91bb",
            "association_id": "eipassoc-0be7ed7b710a6fe00",
            "connectivity_type": "public",
            "id": "nat-0c6706625ab1da63b",
            "network_interface_id": "eni-07ffd928508c00847",
            "private_ip": "10.0.1.84",
            "public_ip": "18.196.118.190",
            "secondary_allocation_ids": [],
            "secondary_private_ip_address_count": 0,
            "secondary_private_ip_addresses": [],
            "subnet_id": "subnet-04b724b0af76de53d",
            "tags": {
              "Name": "terraform-workshop-private_ingress-nat-gateway-1"
            },
            "tags_all": {
              "Management": "Terraform",
              "Name": "terraform-workshop-private_ingress-nat-gateway-1"
            },
            "timeouts": null
          },
          "sensitive_attributes": [],
          "private": "eyJlMmJmYjczMC1lY2FhLTExZTYtOGY4OC0zNDM2M2JjN2M0YzAiOnsiY3JlYXRlIjo2MDAwMDAwMDAwMDAsImRlbGV0ZSI6MTgwMDAwMDAwMDAwMCwidXBkYXRlIjo2MDAwMDAwMDAwMDB9fQ==",
          "dependencies": [
            "aws_eip.nat_gateway",
            "aws_internet_gateway.default",
            "aws_subnet.public",
            "aws_vpc.default",
            "data.aws_availability_zones.available"
          ]
        }
      ]
    },
    {
      "mode": "managed",
      "type": "aws_route_table",
      "name": "private_ingress",
      "provider": "provider[\"registry.terraform.io/hashicorp/aws\"]",
      "instances": [
        {
          "index_key": 0,
          "schema_version": 0,
          "attributes": {
            "arn": "arn:aws:ec2:eu-central-1:637423458709:route-table/rtb-00e90314996379b3b",
            "id": "rtb-00e90314996379b3b",
            "owner_id": "637423458709",
            "propagating_vgws": [],
            "route": [
              {
                "carrier_gateway_id": "",
                "cidr_block": "0.0.0.0/0",
                "core_network_arn": "",
                "destination_prefix_list_id": "",
                "egress_only_gateway_id": "",
                "gateway_id": "",
                "ipv6_cidr_block": "",
                "local_gateway_id": "",
                "nat_gateway_id": "nat-0bb995587dcabe6da",
                "network_interface_id": "",
                "transit_gateway_id": "",
                "vpc_endpoint_id": "",
                "vpc_peering_connection_id": ""
              }
            ],
            "tags": {
              "Name": "terraform-workshop-route-table-private-ingress-0"
            },
            "tags_all": {
              "Management": "Terraform",
              "Name": "terraform-workshop-route-table-private-ingress-0"
            },
            "timeouts": null,
            "vpc_id": "vpc-04d21dd89638a47fb"
          },
          "sensitive_attributes": [],
          "private": "eyJlMmJmYjczMC1lY2FhLTExZTYtOGY4OC0zNDM2M2JjN2M0YzAiOnsiY3JlYXRlIjozMDAwMDAwMDAwMDAsImRlbGV0ZSI6MzAwMDAwMDAwMDAwLCJ1cGRhdGUiOjEyMDAwMDAwMDAwMH19",
          "dependencies": [
            "aws_eip.nat_gateway",
            "aws_internet_gateway.default",
            "aws_nat_gateway.default",
            "aws_subnet.private_ingress",
            "aws_subnet.public",
            "aws_vpc.default",
            "data.aws_availability_zones.available"
          ]
        },
        {
          "index_key": 1,
          "schema_version": 0,
          "attributes": {
            "arn": "arn:aws:ec2:eu-central-1:637423458709:route-table/rtb-0b1e04971e3679851",
            "id": "rtb-0b1e04971e3679851",
            "owner_id": "637423458709",
            "propagating_vgws": [],
            "route": [
              {
                "carrier_gateway_id": "",
                "cidr_block": "0.0.0.0/0",
                "core_network_arn": "",
                "destination_prefix_list_id": "",
                "egress_only_gateway_id": "",
                "gateway_id": "",
                "ipv6_cidr_block": "",
                "local_gateway_id": "",
                "nat_gateway_id": "nat-0c6706625ab1da63b",
                "network_interface_id": "",
                "transit_gateway_id": "",
                "vpc_endpoint_id": "",
                "vpc_peering_connection_id": ""
              }
            ],
            "tags": {
              "Name": "terraform-workshop-route-table-private-ingress-1"
            },
            "tags_all": {
              "Management": "Terraform",
              "Name": "terraform-workshop-route-table-private-ingress-1"
            },
            "timeouts": null,
            "vpc_id": "vpc-04d21dd89638a47fb"
          },
          "sensitive_attributes": [],
          "private": "eyJlMmJmYjczMC1lY2FhLTExZTYtOGY4OC0zNDM2M2JjN2M0YzAiOnsiY3JlYXRlIjozMDAwMDAwMDAwMDAsImRlbGV0ZSI6MzAwMDAwMDAwMDAwLCJ1cGRhdGUiOjEyMDAwMDAwMDAwMH19",
          "dependencies": [
            "aws_eip.nat_gateway",
            "aws_internet_gateway.default",
            "aws_nat_gateway.default",
            "aws_subnet.private_ingress",
            "aws_subnet.public",
            "aws_vpc.default",
            "data.aws_availability_zones.available"
          ]
        }
      ]
    },
    {
      "mode": "managed",
      "type": "aws_route_table",
      "name": "public",
      "provider": "provider[\"registry.terraform.io/hashicorp/aws\"]",
      "instances": [
        {
          "schema_version": 0,
          "attributes": {
            "arn": "arn:aws:ec2:eu-central-1:637423458709:route-table/rtb-0017052a9d689be9f",
            "id": "rtb-0017052a9d689be9f",
            "owner_id": "637423458709",
            "propagating_vgws": [],
            "route": [
              {
                "carrier_gateway_id": "",
                "cidr_block": "0.0.0.0/0",
                "core_network_arn": "",
                "destination_prefix_list_id": "",
                "egress_only_gateway_id": "",
                "gateway_id": "igw-0a4b1a87466cf12d4",
                "ipv6_cidr_block": "",
                "local_gateway_id": "",
                "nat_gateway_id": "",
                "network_interface_id": "",
                "transit_gateway_id": "",
                "vpc_endpoint_id": "",
                "vpc_peering_connection_id": ""
              }
            ],
            "tags": {
              "Name": "terraform-workshop-route-table-public"
            },
            "tags_all": {
              "Management": "Terraform",
              "Name": "terraform-workshop-route-table-public"
            },
            "timeouts": null,
            "vpc_id": "vpc-04d21dd89638a47fb"
          },
          "sensitive_attributes": [],
          "private": "eyJlMmJmYjczMC1lY2FhLTExZTYtOGY4OC0zNDM2M2JjN2M0YzAiOnsiY3JlYXRlIjozMDAwMDAwMDAwMDAsImRlbGV0ZSI6MzAwMDAwMDAwMDAwLCJ1cGRhdGUiOjEyMDAwMDAwMDAwMH19",
          "dependencies": [
            "aws_internet_gateway.default",
            "aws_vpc.default",
            "data.aws_availability_zones.available"
          ]
        }
      ]
    },
    {
      "mode": "managed",
      "type": "aws_route_table_association",
      "name": "private_ingress",
      "provider": "provider[\"registry.terraform.io/hashicorp/aws\"]",
      "instances": [
        {
          "index_key": 0,
          "schema_version": 0,
          "attributes": {
            "gateway_id": "",
            "id": "rtbassoc-0e3ef060b2440ecc3",
            "route_table_id": "rtb-00e90314996379b3b",
            "subnet_id": "subnet-047f143745196f11b",
            "timeouts": null
          },
          "sensitive_attributes": [],
          "private": "eyJlMmJmYjczMC1lY2FhLTExZTYtOGY4OC0zNDM2M2JjN2M0YzAiOnsiY3JlYXRlIjozMDAwMDAwMDAwMDAsImRlbGV0ZSI6MzAwMDAwMDAwMDAwLCJ1cGRhdGUiOjEyMDAwMDAwMDAwMH19",
          "dependencies": [
            "aws_eip.nat_gateway",
            "aws_internet_gateway.default",
            "aws_nat_gateway.default",
            "aws_route_table.private_ingress",
            "aws_subnet.private_ingress",
            "aws_subnet.public",
            "aws_vpc.default",
            "data.aws_availability_zones.available"
          ]
        },
        {
          "index_key": 1,
          "schema_version": 0,
          "attributes": {
            "gateway_id": "",
            "id": "rtbassoc-0a7d4627ac9c5f663",
            "route_table_id": "rtb-0b1e04971e3679851",
            "subnet_id": "subnet-0d72ac342fedc0283",
            "timeouts": null
          },
          "sensitive_attributes": [],
          "private": "eyJlMmJmYjczMC1lY2FhLTExZTYtOGY4OC0zNDM2M2JjN2M0YzAiOnsiY3JlYXRlIjozMDAwMDAwMDAwMDAsImRlbGV0ZSI6MzAwMDAwMDAwMDAwLCJ1cGRhdGUiOjEyMDAwMDAwMDAwMH19",
          "dependencies": [
            "aws_eip.nat_gateway",
            "aws_internet_gateway.default",
            "aws_nat_gateway.default",
            "aws_route_table.private_ingress",
            "aws_subnet.private_ingress",
            "aws_subnet.public",
            "aws_vpc.default",
            "data.aws_availability_zones.available"
          ]
        }
      ]
    },
    {
      "mode": "managed",
      "type": "aws_route_table_association",
      "name": "public",
      "provider": "provider[\"registry.terraform.io/hashicorp/aws\"]",
      "instances": [
        {
          "index_key": 0,
          "schema_version": 0,
          "attributes": {
            "gateway_id": "",
            "id": "rtbassoc-045d72027d8b23ea5",
            "route_table_id": "rtb-0017052a9d689be9f",
            "subnet_id": "subnet-0724ad41e5dc59828",
            "timeouts": null
          },
          "sensitive_attributes": [],
          "private": "eyJlMmJmYjczMC1lY2FhLTExZTYtOGY4OC0zNDM2M2JjN2M0YzAiOnsiY3JlYXRlIjozMDAwMDAwMDAwMDAsImRlbGV0ZSI6MzAwMDAwMDAwMDAwLCJ1cGRhdGUiOjEyMDAwMDAwMDAwMH19",
          "dependencies": [
            "aws_internet_gateway.default",
            "aws_route_table.public",
            "aws_subnet.public",
            "aws_vpc.default",
            "data.aws_availability_zones.available"
          ]
        },
        {
          "index_key": 1,
          "schema_version": 0,
          "attributes": {
            "gateway_id": "",
            "id": "rtbassoc-0e148569623726dab",
            "route_table_id": "rtb-0017052a9d689be9f",
            "subnet_id": "subnet-04b724b0af76de53d",
            "timeouts": null
          },
          "sensitive_attributes": [],
          "private": "eyJlMmJmYjczMC1lY2FhLTExZTYtOGY4OC0zNDM2M2JjN2M0YzAiOnsiY3JlYXRlIjozMDAwMDAwMDAwMDAsImRlbGV0ZSI6MzAwMDAwMDAwMDAwLCJ1cGRhdGUiOjEyMDAwMDAwMDAwMH19",
          "dependencies": [
            "aws_internet_gateway.default",
            "aws_route_table.public",
            "aws_subnet.public",
            "aws_vpc.default",
            "data.aws_availability_zones.available"
          ]
        }
      ]
    },
    {
      "mode": "managed",
      "type": "aws_s3_bucket",
      "name": "mission_app",
      "provider": "provider[\"registry.terraform.io/hashicorp/aws\"]",
      "instances": [
        {
          "schema_version": 0,
          "attributes": {
            "acceleration_status": "",
            "acl": null,
            "arn": "arn:aws:s3:::terraform-workshop-mission-app-20240821180403611900000003",
            "bucket": "terraform-workshop-mission-app-20240821180403611900000003",
            "bucket_domain_name": "terraform-workshop-mission-app-20240821180403611900000003.s3.amazonaws.com",
            "bucket_prefix": "terraform-workshop-mission-app-",
            "bucket_regional_domain_name": "terraform-workshop-mission-app-20240821180403611900000003.s3.eu-central-1.amazonaws.com",
            "cors_rule": [],
            "force_destroy": false,
            "grant": [
              {
                "id": "3e2fdb363b97b5f024b94b2dd8e395312e08ced0882f87995074f7de45554df6",
                "permissions": [
                  "FULL_CONTROL"
                ],
                "type": "CanonicalUser",
                "uri": ""
              }
            ],
            "hosted_zone_id": "Z21DNDUVLTQW6Q",
            "id": "terraform-workshop-mission-app-20240821180403611900000003",
            "lifecycle_rule": [],
            "logging": [],
            "object_lock_configuration": [],
            "object_lock_enabled": false,
            "policy": "",
            "region": "eu-central-1",
            "replication_configuration": [],
            "request_payer": "BucketOwner",
            "server_side_encryption_configuration": [
              {
                "rule": [
                  {
                    "apply_server_side_encryption_by_default": [
                      {
                        "kms_master_key_id": "",
                        "sse_algorithm": "AES256"
                      }
                    ],
                    "bucket_key_enabled": false
                  }
                ]
              }
            ],
            "tags": {
              "Description": "Used to store items"
            },
            "tags_all": {
              "Description": "Used to store items",
              "Management": "Terraform"
            },
            "timeouts": null,
            "versioning": [
              {
                "enabled": false,
                "mfa_delete": false
              }
            ],
            "website": [],
            "website_domain": null,
            "website_endpoint": null
          },
          "sensitive_attributes": [],
          "private": "eyJlMmJmYjczMC1lY2FhLTExZTYtOGY4OC0zNDM2M2JjN2M0YzAiOnsiY3JlYXRlIjoxMjAwMDAwMDAwMDAwLCJkZWxldGUiOjM2MDAwMDAwMDAwMDAsInJlYWQiOjEyMDAwMDAwMDAwMDAsInVwZGF0ZSI6MTIwMDAwMDAwMDAwMH19",
          "create_before_destroy": true
        }
      ]
    },
    {
      "mode": "managed",
      "type": "aws_s3_bucket_public_access_block",
      "name": "mission_app",
      "provider": "provider[\"registry.terraform.io/hashicorp/aws\"]",
      "instances": [
        {
          "schema_version": 0,
          "attributes": {
            "block_public_acls": true,
            "block_public_policy": true,
            "bucket": "terraform-workshop-mission-app-20240821180403611900000003",
            "id": "terraform-workshop-mission-app-20240821180403611900000003",
            "ignore_public_acls": true,
            "restrict_public_buckets": true
          },
          "sensitive_attributes": [],
          "private": "bnVsbA==",
          "dependencies": [
            "aws_s3_bucket.mission_app"
          ]
        }
      ]
    },
    {
      "mode": "managed",
      "type": "aws_s3_object",
      "name": "mission_app-private_key",
      "provider": "provider[\"registry.terraform.io/hashicorp/aws\"]",
      "instances": [
        {
          "schema_version": 0,
          "attributes": {
            "acl": null,
            "arn": "arn:aws:s3:::terraform-workshop-mission-app-20240821180403611900000003/server.key",
            "bucket": "terraform-workshop-mission-app-20240821180403611900000003",
            "bucket_key_enabled": false,
            "cache_control": "",
            "checksum_algorithm": null,
            "checksum_crc32": "",
            "checksum_crc32c": "",
            "checksum_sha1": "",
            "checksum_sha256": "",
            "content": "-----BEGIN RSA PRIVATE KEY-----\nMIIEowIBAAKCAQEA1vBidGW2I/Hze2X4vdQ1ej1q7u3Nzvpp7uxN4uKUlCuU2T11\nQ+epwIOo3q4vUM37xtGClxBJdt65rsxUxiG3mflPW5exQyREfeu2KJ1pQZvnz8ii\nFwfiMLQL/F+t5jZ9U4irbh0Vlu4bxmaSRdml2spP46Dq6CtkzKc+RdsrhBYUf8oa\ne39mzjXyXVDpIwehr9Y4PZoRUVyNQR8fkeXaK7ay88r2Tt8c+QF9F1lcVPsTsZok\n2APW7q28FKljHesPzXQ+qYdBl0x0wQYmap6/Ui1Te6x4LKBCgWdiwPeDMwTvVRw0\nwiG/ZuFKLdUUqGH15GlMa5vcLqoechwyvh0lYwIDAQABAoIBAB/Xmu5dhx9KH+Uf\nFTuiLY3/fVEKP9wy8vCnZ15+bL6KulF4rl+x+U8A8kqTCYVyDqPEtBEHI6sNkfqY\nYNK9egLAkYYjMeqde9wfyGu57jb/DteUhJbe3x6R/diUoCGj3us6KxN0EZe7jLfW\nyEK63LxODonNdB+TFirPeAVHU+oMSdLGaQrbpi0chu+VjWjlPWTi/oVoNHZ/VBfU\nrANMeSrcyQWf7ZQAnIK+mduFSkHLMKbl3ADJosCYI1GByhx0Sm8wqQ7m9XoT05w5\nogUs/eeZZL7VXpewW6Z0II8In2HfGa/8eJOL6oByYmanePFSrK9BTkHsZVJ9V9w2\nCkp0haECgYEA48jJVUgRV6PppLpwVqhfvPNoJBI5LOe0uX4gsWY/691b7Ix6Wl0B\nUWaxdyqG9VfPqF7zLIXHi0DHFUe3zcayTipLntGAPDQ69SuWCfLY2GzBk0djbaA6\nvfpHCoVfygYQNbXUkLdNJhu9O6V4v8ozwtc2CPUkOuSGgmZS13BeQpECgYEA8ZBD\nZ7+HBzVoERgRJBFGZ++0Qfw28f/todgeyYHve7s582bXcjULlOcbWg9VMJ4NDwj3\n8lGcu6D1ISd1sYwamFwfamiti/20WdnNSWcbze/oP3/gltIjq2yvkkoQQ3xBi2ym\nhZZuqV41GBOcEma/KqRqug6JXmYY5Sydz5+D+rMCgYAt6rzDJzrvusgPf9HDdj+O\nXFbC5rWF2tNwjP9UI3OBPWcZYRwM+TCZ0yS1C+qWrHPc0f8dG36lEJLRNFrV7Vbm\nMNp7kmnSOQklgPrG2KBjyFChOsPNRn5w63HEqiwsElrUKOpHndu8cd0MmAemScFz\nZmSrG5eJE6YVxUCv0yP9MQKBgB0IruFYZt1Z8PElCGJiZSj26Z6Itv3tOd2bAVBM\n+sDPZw63TKvgbkzuXh47+4xFYuJsvIh2gLUYin36pS263jNz1x7OCBXsX3HxOLha\n2T+uVybSsubNyRXAkXWuyzehRquAWp9xzkkzFoSXTsnzaYSxkFZeiuo6sUFSVIFw\n9cb7AoGBAImay2n5KCk5GF1AiKEBbpRHTbMzxIbH2gvMcjlK/EaOEDGUIarQxhlL\nKnvXe2/JfOiZHdh6olTLU4XvhZr4ySJtxjEOqA8k7zwUr/jhFEMlvwFh5TIxl3rH\nuOtmUqr8KUl2PddgAvw+Gehv9m6TYJXLLZwqJR+ptJ+UEmjMGQF3\n-----END RSA PRIVATE KEY-----\n",
            "content_base64": null,
            "content_disposition": "",
            "content_encoding": "",
            "content_language": "",
            "content_type": "application/octet-stream",
            "etag": "b96e620182aba3395bb103e2c766e4ad",
            "force_destroy": false,
            "id": "server.key",
            "key": "server.key",
            "kms_key_id": null,
            "metadata": {},
            "object_lock_legal_hold_status": "",
            "object_lock_mode": "",
            "object_lock_retain_until_date": "",
            "override_provider": [],
            "server_side_encryption": "AES256",
            "source": null,
            "source_hash": null,
            "storage_class": "STANDARD",
            "tags": {},
            "tags_all": {
              "Management": "Terraform"
            },
            "version_id": "",
            "website_redirect": ""
          },
          "sensitive_attributes": [
            [
              {
                "type": "get_attr",
                "value": "content"
              }
            ]
          ],
          "private": "bnVsbA==",
          "dependencies": [
            "aws_s3_bucket.mission_app",
            "tls_private_key.mission_app"
          ],
          "create_before_destroy": true
        }
      ]
    },
    {
      "mode": "managed",
      "type": "aws_s3_object",
      "name": "mission_app-public_key",
      "provider": "provider[\"registry.terraform.io/hashicorp/aws\"]",
      "instances": [
        {
          "schema_version": 0,
          "attributes": {
            "acl": null,
            "arn": "arn:aws:s3:::terraform-workshop-mission-app-20240821180403611900000003/server.crt",
            "bucket": "terraform-workshop-mission-app-20240821180403611900000003",
            "bucket_key_enabled": false,
            "cache_control": "",
            "checksum_algorithm": null,
            "checksum_crc32": "",
            "checksum_crc32c": "",
            "checksum_sha1": "",
            "checksum_sha256": "",
            "content": "-----BEGIN CERTIFICATE-----\nMIIEUjCCAzqgAwIBAgIQSbadcCbCFtAdeC3rGSan3DANBgkqhkiG9w0BAQsFADCB\nojEMMAoGA1UEBhMDVVNBMRIwEAYDVQQHEwlTYW4gRGllZ28xHDAaBgNVBAoTE0Ft\nYXpvbiBXZWIgU2VydmljZXMxFjAUBgNVBAsTDVdXUFMgUHJvU2VydmUxSDBGBgNV\nBAMTP3RlcnJhZm9ybS13b3Jrc2hvcC1hbGItODM0MjA5NzczLmV1LWNlbnRyYWwt\nMS5lbGIuYW1hem9uYXdzLmNvbTAeFw0yNDA4MjExODA3MzJaFw0yNTA4MjExODA3\nMzJaMIGiMQwwCgYDVQQGEwNVU0ExEjAQBgNVBAcTCVNhbiBEaWVnbzEcMBoGA1UE\nChMTQW1hem9uIFdlYiBTZXJ2aWNlczEWMBQGA1UECxMNV1dQUyBQcm9TZXJ2ZTFI\nMEYGA1UEAxM/dGVycmFmb3JtLXdvcmtzaG9wLWFsYi04MzQyMDk3NzMuZXUtY2Vu\ndHJhbC0xLmVsYi5hbWF6b25hd3MuY29tMIIBIjANBgkqhkiG9w0BAQEFAAOCAQ8A\nMIIBCgKCAQEA1vBidGW2I/Hze2X4vdQ1ej1q7u3Nzvpp7uxN4uKUlCuU2T11Q+ep\nwIOo3q4vUM37xtGClxBJdt65rsxUxiG3mflPW5exQyREfeu2KJ1pQZvnz8iiFwfi\nMLQL/F+t5jZ9U4irbh0Vlu4bxmaSRdml2spP46Dq6CtkzKc+RdsrhBYUf8oae39m\nzjXyXVDpIwehr9Y4PZoRUVyNQR8fkeXaK7ay88r2Tt8c+QF9F1lcVPsTsZok2APW\n7q28FKljHesPzXQ+qYdBl0x0wQYmap6/Ui1Te6x4LKBCgWdiwPeDMwTvVRw0wiG/\nZuFKLdUUqGH15GlMa5vcLqoechwyvh0lYwIDAQABo4GBMH8wDgYDVR0PAQH/BAQD\nAgWgMBMGA1UdJQQMMAoGCCsGAQUFBwMBMAwGA1UdEwEB/wQCMAAwSgYDVR0RBEMw\nQYI/dGVycmFmb3JtLXdvcmtzaG9wLWFsYi04MzQyMDk3NzMuZXUtY2VudHJhbC0x\nLmVsYi5hbWF6b25hd3MuY29tMA0GCSqGSIb3DQEBCwUAA4IBAQBHouSwjGwNSov9\npIldgzhKGZvHYZ2zsYrOddah3DN98wDp571gckO0rXFR87Gb2Tewjoka20gU+c0I\nOljidTEMZ5eyIi3YzAIDWxjl3NLEbaMyyZnVpSFOwvVB+hd2vcBk8jNP6Qpf6sf0\nNaD1X5/R8l16qYw2Q46RghnD/joQoWi1T/iBNGBqHDwcVQFMiKN3NLah8jLjuSl4\nyN2BWLQjUwh4DeBSFGe42lN+LO8/IothVOSO1kqqn9wwE96VuyxpshEX+GFQ7hPt\nLemcadK/e3qcDh1TziQapKXiq2ua3wid4lg6u4GigjyNQNZkXSfHbfuC4APvdxFM\nvC0JO8XU\n-----END CERTIFICATE-----\n",
            "content_base64": null,
            "content_disposition": "",
            "content_encoding": "",
            "content_language": "",
            "content_type": "application/octet-stream",
            "etag": "31fdf961005721c0d9c144a78c3eee8f",
            "force_destroy": false,
            "id": "server.crt",
            "key": "server.crt",
            "kms_key_id": null,
            "metadata": {},
            "object_lock_legal_hold_status": "",
            "object_lock_mode": "",
            "object_lock_retain_until_date": "",
            "override_provider": [],
            "server_side_encryption": "AES256",
            "source": null,
            "source_hash": null,
            "storage_class": "STANDARD",
            "tags": {},
            "tags_all": {
              "Management": "Terraform"
            },
            "version_id": "",
            "website_redirect": ""
          },
          "sensitive_attributes": [],
          "private": "bnVsbA==",
          "dependencies": [
            "aws_lb.mission_app",
            "aws_s3_bucket.mission_app",
            "aws_security_group.app",
            "aws_subnet.private",
            "aws_vpc.default",
            "data.aws_availability_zones.available",
            "tls_private_key.mission_app",
            "tls_self_signed_cert.mission_app"
          ],
          "create_before_destroy": true
        }
      ]
    },
    {
      "mode": "managed",
      "type": "aws_secretsmanager_secret",
      "name": "db",
      "provider": "provider[\"registry.terraform.io/hashicorp/aws\"]",
      "instances": [
        {
          "schema_version": 0,
          "attributes": {
            "arn": "arn:aws:secretsmanager:eu-central-1:637423458709:secret:terraform-workshop-secret-db-20240821180403601300000001-O3Zs2S",
            "description": "Password to the RDS",
            "force_overwrite_replica_secret": false,
            "id": "arn:aws:secretsmanager:eu-central-1:637423458709:secret:terraform-workshop-secret-db-20240821180403601300000001-O3Zs2S",
            "kms_key_id": "",
            "name": "terraform-workshop-secret-db-20240821180403601300000001",
            "name_prefix": "terraform-workshop-secret-db-",
            "policy": "",
            "recovery_window_in_days": 7,
            "replica": [],
            "tags": {},
            "tags_all": {
              "Management": "Terraform"
            }
          },
          "sensitive_attributes": [],
          "private": "bnVsbA==",
          "create_before_destroy": true
        }
      ]
    },
    {
      "mode": "managed",
      "type": "aws_secretsmanager_secret_version",
      "name": "db",
      "provider": "provider[\"registry.terraform.io/hashicorp/aws\"]",
      "instances": [
        {
          "schema_version": 0,
          "attributes": {
            "arn": "arn:aws:secretsmanager:eu-central-1:637423458709:secret:terraform-workshop-secret-db-20240821180403601300000001-O3Zs2S",
            "id": "arn:aws:secretsmanager:eu-central-1:637423458709:secret:terraform-workshop-secret-db-20240821180403601300000001-O3Zs2S|terraform-20240821180405357300000005",
            "secret_binary": "",
            "secret_id": "arn:aws:secretsmanager:eu-central-1:637423458709:secret:terraform-workshop-secret-db-20240821180403601300000001-O3Zs2S",
            "secret_string": "p7MtmbBcj5q35GgnJyFUKq1a7",
            "version_id": "terraform-20240821180405357300000005",
            "version_stages": [
              "AWSCURRENT"
            ]
          },
          "sensitive_attributes": [
            [
              {
                "type": "get_attr",
                "value": "secret_string"
              }
            ],
            [
              {
                "type": "get_attr",
                "value": "secret_binary"
              }
            ]
          ],
          "private": "bnVsbA==",
          "dependencies": [
            "aws_secretsmanager_secret.db",
            "random_password.default"
          ],
          "create_before_destroy": true
        }
      ]
    },
    {
      "mode": "managed",
      "type": "aws_security_group",
      "name": "any",
      "provider": "provider[\"registry.terraform.io/hashicorp/aws\"]",
      "instances": [
        {
          "schema_version": 1,
          "attributes": {
            "arn": "arn:aws:ec2:eu-central-1:637423458709:security-group/sg-0aff323b0fa0bc431",
            "description": "Managed by Terraform",
            "egress": [
              {
                "cidr_blocks": [
                  "0.0.0.0/0"
                ],
                "description": "Allow all outbound traffic",
                "from_port": 0,
                "ipv6_cidr_blocks": [
                  "::/0"
                ],
                "prefix_list_ids": [],
                "protocol": "-1",
                "security_groups": [],
                "self": false,
                "to_port": 0
              }
            ],
            "id": "sg-0aff323b0fa0bc431",
            "ingress": [
              {
                "cidr_blocks": [
                  "0.0.0.0/0"
                ],
                "description": "Allow any incoming traffic ",
                "from_port": 0,
                "ipv6_cidr_blocks": [
                  "::/0"
                ],
                "prefix_list_ids": [],
                "protocol": "-1",
                "security_groups": [],
                "self": false,
                "to_port": 0
              }
            ],
            "name": "terraform-workshop-any-20240821180418382200000007",
            "name_prefix": "terraform-workshop-any-",
            "owner_id": "637423458709",
            "revoke_rules_on_delete": false,
            "tags": {},
            "tags_all": {
              "Management": "Terraform"
            },
            "timeouts": null,
            "vpc_id": "vpc-04d21dd89638a47fb"
          },
          "sensitive_attributes": [],
          "private": "eyJlMmJmYjczMC1lY2FhLTExZTYtOGY4OC0zNDM2M2JjN2M0YzAiOnsiY3JlYXRlIjo2MDAwMDAwMDAwMDAsImRlbGV0ZSI6OTAwMDAwMDAwMDAwfSwic2NoZW1hX3ZlcnNpb24iOiIxIn0=",
          "dependencies": [
            "aws_vpc.default",
            "data.aws_availability_zones.available"
          ]
        }
      ]
    },
    {
      "mode": "managed",
      "type": "aws_security_group",
      "name": "app",
      "provider": "provider[\"registry.terraform.io/hashicorp/aws\"]",
      "instances": [
        {
          "schema_version": 1,
          "attributes": {
            "arn": "arn:aws:ec2:eu-central-1:637423458709:security-group/sg-0bb112e97b6b28206",
            "description": "Managed by Terraform",
            "egress": [
              {
                "cidr_blocks": [
                  "0.0.0.0/0"
                ],
                "description": "Allow all outbound traffic",
                "from_port": 0,
                "ipv6_cidr_blocks": [
                  "::/0"
                ],
                "prefix_list_ids": [],
                "protocol": "-1",
                "security_groups": [],
                "self": false,
                "to_port": 0
              }
            ],
            "id": "sg-0bb112e97b6b28206",
            "ingress": [
              {
                "cidr_blocks": [
                  "0.0.0.0/0"
                ],
                "description": "Allow HTTP from any IP",
                "from_port": 80,
                "ipv6_cidr_blocks": [],
                "prefix_list_ids": [],
                "protocol": "tcp",
                "security_groups": [],
                "self": false,
                "to_port": 80
              },
              {
                "cidr_blocks": [
                  "0.0.0.0/0"
                ],
                "description": "Allow HTTPS from any IP",
                "from_port": 443,
                "ipv6_cidr_blocks": [],
                "prefix_list_ids": [],
                "protocol": "tcp",
                "security_groups": [],
                "self": false,
                "to_port": 443
              }
            ],
            "name": "terraform-workshop-app-20240821180418382200000006",
            "name_prefix": "terraform-workshop-app-",
            "owner_id": "637423458709",
            "revoke_rules_on_delete": false,
            "tags": {},
            "tags_all": {
              "Management": "Terraform"
            },
            "timeouts": null,
            "vpc_id": "vpc-04d21dd89638a47fb"
          },
          "sensitive_attributes": [],
          "private": "eyJlMmJmYjczMC1lY2FhLTExZTYtOGY4OC0zNDM2M2JjN2M0YzAiOnsiY3JlYXRlIjo2MDAwMDAwMDAwMDAsImRlbGV0ZSI6OTAwMDAwMDAwMDAwfSwic2NoZW1hX3ZlcnNpb24iOiIxIn0=",
          "dependencies": [
            "aws_vpc.default",
            "data.aws_availability_zones.available"
          ],
          "create_before_destroy": true
        }
      ]
    },
    {
      "mode": "managed",
      "type": "aws_security_group",
      "name": "db",
      "provider": "provider[\"registry.terraform.io/hashicorp/aws\"]",
      "instances": [
        {
          "schema_version": 1,
          "attributes": {
            "arn": "arn:aws:ec2:eu-central-1:637423458709:security-group/sg-08733b031ca5e5d37",
            "description": "Managed by Terraform",
            "egress": [
              {
                "cidr_blocks": [
                  "0.0.0.0/0"
                ],
                "description": "Allow all outbound traffic",
                "from_port": 0,
                "ipv6_cidr_blocks": [
                  "::/0"
                ],
                "prefix_list_ids": [],
                "protocol": "-1",
                "security_groups": [],
                "self": false,
                "to_port": 0
              }
            ],
            "id": "sg-08733b031ca5e5d37",
            "ingress": [
              {
                "cidr_blocks": [
                  "10.0.2.0/24",
                  "10.0.3.0/24",
                  "10.0.4.0/24",
                  "10.0.5.0/24"
                ],
                "description": "Allow incoming traffic for MySQL",
                "from_port": 3306,
                "ipv6_cidr_blocks": [],
                "prefix_list_ids": [],
                "protocol": "tcp",
                "security_groups": [],
                "self": false,
                "to_port": 3306
              }
            ],
            "name": "terraform-workshop-db-2024082118042117290000000b",
            "name_prefix": "terraform-workshop-db-",
            "owner_id": "637423458709",
            "revoke_rules_on_delete": false,
            "tags": {},
            "tags_all": {
              "Management": "Terraform"
            },
            "timeouts": null,
            "vpc_id": "vpc-04d21dd89638a47fb"
          },
          "sensitive_attributes": [],
          "private": "eyJlMmJmYjczMC1lY2FhLTExZTYtOGY4OC0zNDM2M2JjN2M0YzAiOnsiY3JlYXRlIjo2MDAwMDAwMDAwMDAsImRlbGV0ZSI6OTAwMDAwMDAwMDAwfSwic2NoZW1hX3ZlcnNpb24iOiIxIn0=",
          "dependencies": [
            "aws_subnet.private",
            "aws_subnet.private_ingress",
            "aws_vpc.default",
            "data.aws_availability_zones.available"
          ],
          "create_before_destroy": true
        }
      ]
    },
    {
      "mode": "managed",
      "type": "aws_security_group",
      "name": "nfs",
      "provider": "provider[\"registry.terraform.io/hashicorp/aws\"]",
      "instances": [
        {
          "schema_version": 1,
          "attributes": {
            "arn": "arn:aws:ec2:eu-central-1:637423458709:security-group/sg-00177e6545efeed04",
            "description": "Managed by Terraform",
            "egress": [
              {
                "cidr_blocks": [
                  "0.0.0.0/0"
                ],
                "description": "Allow all outbound traffic",
                "from_port": 0,
                "ipv6_cidr_blocks": [
                  "::/0"
                ],
                "prefix_list_ids": [],
                "protocol": "-1",
                "security_groups": [],
                "self": false,
                "to_port": 0
              }
            ],
            "id": "sg-00177e6545efeed04",
            "ingress": [
              {
                "cidr_blocks": [
                  "10.0.2.0/24",
                  "10.0.3.0/24",
                  "10.0.4.0/24",
                  "10.0.5.0/24"
                ],
                "description": "Allow any NFS traffic from private subnets",
                "from_port": 2049,
                "ipv6_cidr_blocks": [],
                "prefix_list_ids": [],
                "protocol": "tcp",
                "security_groups": [],
                "self": false,
                "to_port": 2049
              }
            ],
            "name": "terraform-workshop-nfs-2024082118042117220000000a",
            "name_prefix": "terraform-workshop-nfs-",
            "owner_id": "637423458709",
            "revoke_rules_on_delete": false,
            "tags": {},
            "tags_all": {
              "Management": "Terraform"
            },
            "timeouts": null,
            "vpc_id": "vpc-04d21dd89638a47fb"
          },
          "sensitive_attributes": [],
          "private": "eyJlMmJmYjczMC1lY2FhLTExZTYtOGY4OC0zNDM2M2JjN2M0YzAiOnsiY3JlYXRlIjo2MDAwMDAwMDAwMDAsImRlbGV0ZSI6OTAwMDAwMDAwMDAwfSwic2NoZW1hX3ZlcnNpb24iOiIxIn0=",
          "dependencies": [
            "aws_subnet.private",
            "aws_subnet.private_ingress",
            "aws_vpc.default",
            "data.aws_availability_zones.available"
          ]
        }
      ]
    },
    {
      "mode": "managed",
      "type": "aws_subnet",
      "name": "private",
      "provider": "provider[\"registry.terraform.io/hashicorp/aws\"]",
      "instances": [
        {
          "index_key": "0",
          "schema_version": 1,
          "attributes": {
            "arn": "arn:aws:ec2:eu-central-1:637423458709:subnet/subnet-0a128874622395913",
            "assign_ipv6_address_on_creation": false,
            "availability_zone": "eu-central-1a",
            "availability_zone_id": "euc1-az2",
            "cidr_block": "10.0.2.0/24",
            "customer_owned_ipv4_pool": "",
            "enable_dns64": false,
            "enable_lni_at_device_index": 0,
            "enable_resource_name_dns_a_record_on_launch": false,
            "enable_resource_name_dns_aaaa_record_on_launch": false,
            "id": "subnet-0a128874622395913",
            "ipv6_cidr_block": "",
            "ipv6_cidr_block_association_id": "",
            "ipv6_native": false,
            "map_customer_owned_ip_on_launch": false,
            "map_public_ip_on_launch": false,
            "outpost_arn": "",
            "owner_id": "637423458709",
            "private_dns_hostname_type_on_launch": "ip-name",
            "tags": {
              "Name": "terraform-workshop-subnet-private-0"
            },
            "tags_all": {
              "Management": "Terraform",
              "Name": "terraform-workshop-subnet-private-0"
            },
            "timeouts": null,
            "vpc_id": "vpc-04d21dd89638a47fb"
          },
          "sensitive_attributes": [],
          "private": "eyJlMmJmYjczMC1lY2FhLTExZTYtOGY4OC0zNDM2M2JjN2M0YzAiOnsiY3JlYXRlIjo2MDAwMDAwMDAwMDAsImRlbGV0ZSI6MTIwMDAwMDAwMDAwMH0sInNjaGVtYV92ZXJzaW9uIjoiMSJ9",
          "dependencies": [
            "aws_vpc.default",
            "data.aws_availability_zones.available"
          ],
          "create_before_destroy": true
        },
        {
          "index_key": "1",
          "schema_version": 1,
          "attributes": {
            "arn": "arn:aws:ec2:eu-central-1:637423458709:subnet/subnet-0941982dfe87fbf71",
            "assign_ipv6_address_on_creation": false,
            "availability_zone": "eu-central-1b",
            "availability_zone_id": "euc1-az3",
            "cidr_block": "10.0.3.0/24",
            "customer_owned_ipv4_pool": "",
            "enable_dns64": false,
            "enable_lni_at_device_index": 0,
            "enable_resource_name_dns_a_record_on_launch": false,
            "enable_resource_name_dns_aaaa_record_on_launch": false,
            "id": "subnet-0941982dfe87fbf71",
            "ipv6_cidr_block": "",
            "ipv6_cidr_block_association_id": "",
            "ipv6_native": false,
            "map_customer_owned_ip_on_launch": false,
            "map_public_ip_on_launch": false,
            "outpost_arn": "",
            "owner_id": "637423458709",
            "private_dns_hostname_type_on_launch": "ip-name",
            "tags": {
              "Name": "terraform-workshop-subnet-private-1"
            },
            "tags_all": {
              "Management": "Terraform",
              "Name": "terraform-workshop-subnet-private-1"
            },
            "timeouts": null,
            "vpc_id": "vpc-04d21dd89638a47fb"
          },
          "sensitive_attributes": [],
          "private": "eyJlMmJmYjczMC1lY2FhLTExZTYtOGY4OC0zNDM2M2JjN2M0YzAiOnsiY3JlYXRlIjo2MDAwMDAwMDAwMDAsImRlbGV0ZSI6MTIwMDAwMDAwMDAwMH0sInNjaGVtYV92ZXJzaW9uIjoiMSJ9",
          "dependencies": [
            "aws_vpc.default",
            "data.aws_availability_zones.available"
          ],
          "create_before_destroy": true
        }
      ]
    },
    {
      "mode": "managed",
      "type": "aws_subnet",
      "name": "private_ingress",
      "provider": "provider[\"registry.terraform.io/hashicorp/aws\"]",
      "instances": [
        {
          "index_key": "0",
          "schema_version": 1,
          "attributes": {
            "arn": "arn:aws:ec2:eu-central-1:637423458709:subnet/subnet-047f143745196f11b",
            "assign_ipv6_address_on_creation": false,
            "availability_zone": "eu-central-1a",
            "availability_zone_id": "euc1-az2",
            "cidr_block": "10.0.4.0/24",
            "customer_owned_ipv4_pool": "",
            "enable_dns64": false,
            "enable_lni_at_device_index": 0,
            "enable_resource_name_dns_a_record_on_launch": false,
            "enable_resource_name_dns_aaaa_record_on_launch": false,
            "id": "subnet-047f143745196f11b",
            "ipv6_cidr_block": "",
            "ipv6_cidr_block_association_id": "",
            "ipv6_native": false,
            "map_customer_owned_ip_on_launch": false,
            "map_public_ip_on_launch": false,
            "outpost_arn": "",
            "owner_id": "637423458709",
            "private_dns_hostname_type_on_launch": "ip-name",
            "tags": {
              "Name": "terraform-workshop-subnet-private_ingress-0"
            },
            "tags_all": {
              "Management": "Terraform",
              "Name": "terraform-workshop-subnet-private_ingress-0"
            },
            "timeouts": null,
            "vpc_id": "vpc-04d21dd89638a47fb"
          },
          "sensitive_attributes": [],
          "private": "eyJlMmJmYjczMC1lY2FhLTExZTYtOGY4OC0zNDM2M2JjN2M0YzAiOnsiY3JlYXRlIjo2MDAwMDAwMDAwMDAsImRlbGV0ZSI6MTIwMDAwMDAwMDAwMH0sInNjaGVtYV92ZXJzaW9uIjoiMSJ9",
          "dependencies": [
            "aws_vpc.default",
            "data.aws_availability_zones.available"
          ],
          "create_before_destroy": true
        },
        {
          "index_key": "1",
          "schema_version": 1,
          "attributes": {
            "arn": "arn:aws:ec2:eu-central-1:637423458709:subnet/subnet-0d72ac342fedc0283",
            "assign_ipv6_address_on_creation": false,
            "availability_zone": "eu-central-1b",
            "availability_zone_id": "euc1-az3",
            "cidr_block": "10.0.5.0/24",
            "customer_owned_ipv4_pool": "",
            "enable_dns64": false,
            "enable_lni_at_device_index": 0,
            "enable_resource_name_dns_a_record_on_launch": false,
            "enable_resource_name_dns_aaaa_record_on_launch": false,
            "id": "subnet-0d72ac342fedc0283",
            "ipv6_cidr_block": "",
            "ipv6_cidr_block_association_id": "",
            "ipv6_native": false,
            "map_customer_owned_ip_on_launch": false,
            "map_public_ip_on_launch": false,
            "outpost_arn": "",
            "owner_id": "637423458709",
            "private_dns_hostname_type_on_launch": "ip-name",
            "tags": {
              "Name": "terraform-workshop-subnet-private_ingress-1"
            },
            "tags_all": {
              "Management": "Terraform",
              "Name": "terraform-workshop-subnet-private_ingress-1"
            },
            "timeouts": null,
            "vpc_id": "vpc-04d21dd89638a47fb"
          },
          "sensitive_attributes": [],
          "private": "eyJlMmJmYjczMC1lY2FhLTExZTYtOGY4OC0zNDM2M2JjN2M0YzAiOnsiY3JlYXRlIjo2MDAwMDAwMDAwMDAsImRlbGV0ZSI6MTIwMDAwMDAwMDAwMH0sInNjaGVtYV92ZXJzaW9uIjoiMSJ9",
          "dependencies": [
            "aws_vpc.default",
            "data.aws_availability_zones.available"
          ],
          "create_before_destroy": true
        }
      ]
    },
    {
      "mode": "managed",
      "type": "aws_subnet",
      "name": "public",
      "provider": "provider[\"registry.terraform.io/hashicorp/aws\"]",
      "instances": [
        {
          "index_key": "0",
          "schema_version": 1,
          "attributes": {
            "arn": "arn:aws:ec2:eu-central-1:637423458709:subnet/subnet-0724ad41e5dc59828",
            "assign_ipv6_address_on_creation": false,
            "availability_zone": "eu-central-1a",
            "availability_zone_id": "euc1-az2",
            "cidr_block": "10.0.0.0/24",
            "customer_owned_ipv4_pool": "",
            "enable_dns64": false,
            "enable_lni_at_device_index": 0,
            "enable_resource_name_dns_a_record_on_launch": false,
            "enable_resource_name_dns_aaaa_record_on_launch": false,
            "id": "subnet-0724ad41e5dc59828",
            "ipv6_cidr_block": "",
            "ipv6_cidr_block_association_id": "",
            "ipv6_native": false,
            "map_customer_owned_ip_on_launch": false,
            "map_public_ip_on_launch": true,
            "outpost_arn": "",
            "owner_id": "637423458709",
            "private_dns_hostname_type_on_launch": "ip-name",
            "tags": {
              "Name": "terraform-workshop-subnet-public-0"
            },
            "tags_all": {
              "Management": "Terraform",
              "Name": "terraform-workshop-subnet-public-0"
            },
            "timeouts": null,
            "vpc_id": "vpc-04d21dd89638a47fb"
          },
          "sensitive_attributes": [],
          "private": "eyJlMmJmYjczMC1lY2FhLTExZTYtOGY4OC0zNDM2M2JjN2M0YzAiOnsiY3JlYXRlIjo2MDAwMDAwMDAwMDAsImRlbGV0ZSI6MTIwMDAwMDAwMDAwMH0sInNjaGVtYV92ZXJzaW9uIjoiMSJ9",
          "dependencies": [
            "aws_vpc.default",
            "data.aws_availability_zones.available"
          ]
        },
        {
          "index_key": "1",
          "schema_version": 1,
          "attributes": {
            "arn": "arn:aws:ec2:eu-central-1:637423458709:subnet/subnet-04b724b0af76de53d",
            "assign_ipv6_address_on_creation": false,
            "availability_zone": "eu-central-1b",
            "availability_zone_id": "euc1-az3",
            "cidr_block": "10.0.1.0/24",
            "customer_owned_ipv4_pool": "",
            "enable_dns64": false,
            "enable_lni_at_device_index": 0,
            "enable_resource_name_dns_a_record_on_launch": false,
            "enable_resource_name_dns_aaaa_record_on_launch": false,
            "id": "subnet-04b724b0af76de53d",
            "ipv6_cidr_block": "",
            "ipv6_cidr_block_association_id": "",
            "ipv6_native": false,
            "map_customer_owned_ip_on_launch": false,
            "map_public_ip_on_launch": true,
            "outpost_arn": "",
            "owner_id": "637423458709",
            "private_dns_hostname_type_on_launch": "ip-name",
            "tags": {
              "Name": "terraform-workshop-subnet-public-1"
            },
            "tags_all": {
              "Management": "Terraform",
              "Name": "terraform-workshop-subnet-public-1"
            },
            "timeouts": null,
            "vpc_id": "vpc-04d21dd89638a47fb"
          },
          "sensitive_attributes": [],
          "private": "eyJlMmJmYjczMC1lY2FhLTExZTYtOGY4OC0zNDM2M2JjN2M0YzAiOnsiY3JlYXRlIjo2MDAwMDAwMDAwMDAsImRlbGV0ZSI6MTIwMDAwMDAwMDAwMH0sInNjaGVtYV92ZXJzaW9uIjoiMSJ9",
          "dependencies": [
            "aws_vpc.default",
            "data.aws_availability_zones.available"
          ]
        }
      ]
    },
    {
      "mode": "managed",
      "type": "aws_vpc",
      "name": "default",
      "provider": "provider[\"registry.terraform.io/hashicorp/aws\"]",
      "instances": [
        {
          "schema_version": 1,
          "attributes": {
            "arn": "arn:aws:ec2:eu-central-1:637423458709:vpc/vpc-04d21dd89638a47fb",
            "assign_generated_ipv6_cidr_block": false,
            "cidr_block": "10.0.0.0/16",
            "default_network_acl_id": "acl-004f5004174787e99",
            "default_route_table_id": "rtb-0017052a9d689be9f",
            "default_security_group_id": "sg-0b7236ec64b2f4470",
            "dhcp_options_id": "dopt-0ecd9b59351a8c8fe",
            "enable_dns_hostnames": true,
            "enable_dns_support": true,
            "enable_network_address_usage_metrics": false,
            "id": "vpc-04d21dd89638a47fb",
            "instance_tenancy": "default",
            "ipv4_ipam_pool_id": null,
            "ipv4_netmask_length": null,
            "ipv6_association_id": "",
            "ipv6_cidr_block": "",
            "ipv6_cidr_block_network_border_group": "",
            "ipv6_ipam_pool_id": "",
            "ipv6_netmask_length": 0,
            "main_route_table_id": "rtb-0017052a9d689be9f",
            "owner_id": "637423458709",
            "tags": {
              "Name": "terraform-workshop-vpc"
            },
            "tags_all": {
              "Management": "Terraform",
              "Name": "terraform-workshop-vpc"
            }
          },
          "sensitive_attributes": [],
          "private": "eyJzY2hlbWFfdmVyc2lvbiI6IjEifQ==",
          "dependencies": [
            "data.aws_availability_zones.available"
          ],
          "create_before_destroy": true
        }
      ]
    },
    {
      "mode": "managed",
      "type": "aws_vpc_endpoint",
      "name": "gateway",
      "provider": "provider[\"registry.terraform.io/hashicorp/aws\"]",
      "instances": [
        {
          "index_key": "s3",
          "schema_version": 0,
          "attributes": {
            "arn": "arn:aws:ec2:eu-central-1:637423458709:vpc-endpoint/vpce-0ae023631602b2ebf",
            "auto_accept": null,
            "cidr_blocks": [
              "52.219.44.0/22",
              "52.219.208.0/22",
              "3.5.136.0/22",
              "52.219.218.0/24",
              "52.219.140.0/24",
              "16.12.32.0/22",
              "52.219.72.0/22",
              "3.5.134.0/23",
              "16.12.24.0/21",
              "52.219.168.0/22"
            ],
            "dns_entry": [],
            "dns_options": [],
            "id": "vpce-0ae023631602b2ebf",
            "ip_address_type": "",
            "network_interface_ids": [],
            "owner_id": "637423458709",
            "policy": "{\"Statement\":[{\"Action\":\"*\",\"Effect\":\"Allow\",\"Principal\":\"*\",\"Resource\":\"*\"}],\"Version\":\"2008-10-17\"}",
            "prefix_list_id": "pl-6ea54007",
            "private_dns_enabled": false,
            "requester_managed": false,
            "route_table_ids": [],
            "security_group_ids": [],
            "service_name": "com.amazonaws.eu-central-1.s3",
            "state": "available",
            "subnet_configuration": [],
            "subnet_ids": [],
            "tags": {
              "Name": "terraform-workshop-endpoint-s3"
            },
            "tags_all": {
              "Management": "Terraform",
              "Name": "terraform-workshop-endpoint-s3"
            },
            "timeouts": null,
            "vpc_endpoint_type": "Gateway",
            "vpc_id": "vpc-04d21dd89638a47fb"
          },
          "sensitive_attributes": [],
          "private": "eyJlMmJmYjczMC1lY2FhLTExZTYtOGY4OC0zNDM2M2JjN2M0YzAiOnsiY3JlYXRlIjo2MDAwMDAwMDAwMDAsImRlbGV0ZSI6NjAwMDAwMDAwMDAwLCJ1cGRhdGUiOjYwMDAwMDAwMDAwMH19",
          "dependencies": [
            "aws_vpc.default",
            "data.aws_availability_zones.available",
            "data.aws_region.current"
          ]
        }
      ]
    },
    {
      "mode": "managed",
      "type": "aws_vpc_endpoint",
      "name": "interface",
      "provider": "provider[\"registry.terraform.io/hashicorp/aws\"]",
      "instances": [
        {
          "index_key": "ec2messages",
          "schema_version": 0,
          "attributes": {
            "arn": "arn:aws:ec2:eu-central-1:637423458709:vpc-endpoint/vpce-03cba5f98d8247626",
            "auto_accept": null,
            "cidr_blocks": [],
            "dns_entry": [
              {
                "dns_name": "vpce-03cba5f98d8247626-syrccreh.ec2messages.eu-central-1.vpce.amazonaws.com",
                "hosted_zone_id": "Z273ZU8SZ5RJPC"
              },
              {
                "dns_name": "vpce-03cba5f98d8247626-syrccreh-eu-central-1a.ec2messages.eu-central-1.vpce.amazonaws.com",
                "hosted_zone_id": "Z273ZU8SZ5RJPC"
              },
              {
                "dns_name": "vpce-03cba5f98d8247626-syrccreh-eu-central-1b.ec2messages.eu-central-1.vpce.amazonaws.com",
                "hosted_zone_id": "Z273ZU8SZ5RJPC"
              },
              {
                "dns_name": "ec2messages.eu-central-1.amazonaws.com",
                "hosted_zone_id": "Z07084153TWBG3CUUWMLR"
              }
            ],
            "dns_options": [
              {
                "dns_record_ip_type": "ipv4",
                "private_dns_only_for_inbound_resolver_endpoint": false
              }
            ],
            "id": "vpce-03cba5f98d8247626",
            "ip_address_type": "ipv4",
            "network_interface_ids": [
              "eni-03314d867325b7874",
              "eni-0d6d1d882c109e487"
            ],
            "owner_id": "637423458709",
            "policy": "{\"Statement\":[{\"Action\":\"*\",\"Effect\":\"Allow\",\"Principal\":\"*\",\"Resource\":\"*\"}]}",
            "prefix_list_id": null,
            "private_dns_enabled": true,
            "requester_managed": false,
            "route_table_ids": [],
            "security_group_ids": [
              "sg-0aff323b0fa0bc431"
            ],
            "service_name": "com.amazonaws.eu-central-1.ec2messages",
            "state": "available",
            "subnet_configuration": [
              {
                "ipv4": "10.0.4.170",
                "ipv6": "",
                "subnet_id": "subnet-047f143745196f11b"
              },
              {
                "ipv4": "10.0.5.129",
                "ipv6": "",
                "subnet_id": "subnet-0d72ac342fedc0283"
              }
            ],
            "subnet_ids": [
              "subnet-047f143745196f11b",
              "subnet-0d72ac342fedc0283"
            ],
            "tags": {
              "Name": "terraform-workshop-endpoint-ec2messages"
            },
            "tags_all": {
              "Management": "Terraform",
              "Name": "terraform-workshop-endpoint-ec2messages"
            },
            "timeouts": null,
            "vpc_endpoint_type": "Interface",
            "vpc_id": "vpc-04d21dd89638a47fb"
          },
          "sensitive_attributes": [],
          "private": "eyJlMmJmYjczMC1lY2FhLTExZTYtOGY4OC0zNDM2M2JjN2M0YzAiOnsiY3JlYXRlIjo2MDAwMDAwMDAwMDAsImRlbGV0ZSI6NjAwMDAwMDAwMDAwLCJ1cGRhdGUiOjYwMDAwMDAwMDAwMH19",
          "dependencies": [
            "aws_security_group.any",
            "aws_subnet.private_ingress",
            "aws_vpc.default",
            "data.aws_availability_zones.available",
            "data.aws_region.current"
          ]
        },
        {
          "index_key": "secretsmanager",
          "schema_version": 0,
          "attributes": {
            "arn": "arn:aws:ec2:eu-central-1:637423458709:vpc-endpoint/vpce-0d3216db10f876af7",
            "auto_accept": null,
            "cidr_blocks": [],
            "dns_entry": [
              {
                "dns_name": "vpce-0d3216db10f876af7-lej1ow04.secretsmanager.eu-central-1.vpce.amazonaws.com",
                "hosted_zone_id": "Z273ZU8SZ5RJPC"
              },
              {
                "dns_name": "vpce-0d3216db10f876af7-lej1ow04-eu-central-1a.secretsmanager.eu-central-1.vpce.amazonaws.com",
                "hosted_zone_id": "Z273ZU8SZ5RJPC"
              },
              {
                "dns_name": "vpce-0d3216db10f876af7-lej1ow04-eu-central-1b.secretsmanager.eu-central-1.vpce.amazonaws.com",
                "hosted_zone_id": "Z273ZU8SZ5RJPC"
              },
              {
                "dns_name": "secretsmanager.eu-central-1.amazonaws.com",
                "hosted_zone_id": "Z04861242L23R2JC9E6OM"
              }
            ],
            "dns_options": [
              {
                "dns_record_ip_type": "ipv4",
                "private_dns_only_for_inbound_resolver_endpoint": false
              }
            ],
            "id": "vpce-0d3216db10f876af7",
            "ip_address_type": "ipv4",
            "network_interface_ids": [
              "eni-07beaa60221266188",
              "eni-0fb95949090d791ef"
            ],
            "owner_id": "637423458709",
            "policy": "{\"Statement\":[{\"Action\":\"*\",\"Effect\":\"Allow\",\"Principal\":\"*\",\"Resource\":\"*\"}]}",
            "prefix_list_id": null,
            "private_dns_enabled": true,
            "requester_managed": false,
            "route_table_ids": [],
            "security_group_ids": [
              "sg-0aff323b0fa0bc431"
            ],
            "service_name": "com.amazonaws.eu-central-1.secretsmanager",
            "state": "available",
            "subnet_configuration": [
              {
                "ipv4": "10.0.4.247",
                "ipv6": "",
                "subnet_id": "subnet-047f143745196f11b"
              },
              {
                "ipv4": "10.0.5.146",
                "ipv6": "",
                "subnet_id": "subnet-0d72ac342fedc0283"
              }
            ],
            "subnet_ids": [
              "subnet-047f143745196f11b",
              "subnet-0d72ac342fedc0283"
            ],
            "tags": {
              "Name": "terraform-workshop-endpoint-secretsmanager"
            },
            "tags_all": {
              "Management": "Terraform",
              "Name": "terraform-workshop-endpoint-secretsmanager"
            },
            "timeouts": null,
            "vpc_endpoint_type": "Interface",
            "vpc_id": "vpc-04d21dd89638a47fb"
          },
          "sensitive_attributes": [],
          "private": "eyJlMmJmYjczMC1lY2FhLTExZTYtOGY4OC0zNDM2M2JjN2M0YzAiOnsiY3JlYXRlIjo2MDAwMDAwMDAwMDAsImRlbGV0ZSI6NjAwMDAwMDAwMDAwLCJ1cGRhdGUiOjYwMDAwMDAwMDAwMH19",
          "dependencies": [
            "aws_security_group.any",
            "aws_subnet.private_ingress",
            "aws_vpc.default",
            "data.aws_availability_zones.available",
            "data.aws_region.current"
          ]
        },
        {
          "index_key": "ssm",
          "schema_version": 0,
          "attributes": {
            "arn": "arn:aws:ec2:eu-central-1:637423458709:vpc-endpoint/vpce-00f6c7255dea8825a",
            "auto_accept": null,
            "cidr_blocks": [],
            "dns_entry": [
              {
                "dns_name": "vpce-00f6c7255dea8825a-z96w6dtu.ssm.eu-central-1.vpce.amazonaws.com",
                "hosted_zone_id": "Z273ZU8SZ5RJPC"
              },
              {
                "dns_name": "vpce-00f6c7255dea8825a-z96w6dtu-eu-central-1a.ssm.eu-central-1.vpce.amazonaws.com",
                "hosted_zone_id": "Z273ZU8SZ5RJPC"
              },
              {
                "dns_name": "vpce-00f6c7255dea8825a-z96w6dtu-eu-central-1b.ssm.eu-central-1.vpce.amazonaws.com",
                "hosted_zone_id": "Z273ZU8SZ5RJPC"
              },
              {
                "dns_name": "ssm.eu-central-1.amazonaws.com",
                "hosted_zone_id": "Z04874051BT00U17E0VYN"
              }
            ],
            "dns_options": [
              {
                "dns_record_ip_type": "ipv4",
                "private_dns_only_for_inbound_resolver_endpoint": false
              }
            ],
            "id": "vpce-00f6c7255dea8825a",
            "ip_address_type": "ipv4",
            "network_interface_ids": [
              "eni-027e07f8de8b69afa",
              "eni-090154c777a142d24"
            ],
            "owner_id": "637423458709",
            "policy": "{\"Statement\":[{\"Action\":\"*\",\"Effect\":\"Allow\",\"Principal\":\"*\",\"Resource\":\"*\"}]}",
            "prefix_list_id": null,
            "private_dns_enabled": true,
            "requester_managed": false,
            "route_table_ids": [],
            "security_group_ids": [
              "sg-0aff323b0fa0bc431"
            ],
            "service_name": "com.amazonaws.eu-central-1.ssm",
            "state": "available",
            "subnet_configuration": [
              {
                "ipv4": "10.0.4.137",
                "ipv6": "",
                "subnet_id": "subnet-047f143745196f11b"
              },
              {
                "ipv4": "10.0.5.155",
                "ipv6": "",
                "subnet_id": "subnet-0d72ac342fedc0283"
              }
            ],
            "subnet_ids": [
              "subnet-047f143745196f11b",
              "subnet-0d72ac342fedc0283"
            ],
            "tags": {
              "Name": "terraform-workshop-endpoint-ssm"
            },
            "tags_all": {
              "Management": "Terraform",
              "Name": "terraform-workshop-endpoint-ssm"
            },
            "timeouts": null,
            "vpc_endpoint_type": "Interface",
            "vpc_id": "vpc-04d21dd89638a47fb"
          },
          "sensitive_attributes": [],
          "private": "eyJlMmJmYjczMC1lY2FhLTExZTYtOGY4OC0zNDM2M2JjN2M0YzAiOnsiY3JlYXRlIjo2MDAwMDAwMDAwMDAsImRlbGV0ZSI6NjAwMDAwMDAwMDAwLCJ1cGRhdGUiOjYwMDAwMDAwMDAwMH19",
          "dependencies": [
            "aws_security_group.any",
            "aws_subnet.private_ingress",
            "aws_vpc.default",
            "data.aws_availability_zones.available",
            "data.aws_region.current"
          ]
        },
        {
          "index_key": "ssmmessages",
          "schema_version": 0,
          "attributes": {
            "arn": "arn:aws:ec2:eu-central-1:637423458709:vpc-endpoint/vpce-07cd558fb5e2c0f83",
            "auto_accept": null,
            "cidr_blocks": [],
            "dns_entry": [
              {
                "dns_name": "vpce-07cd558fb5e2c0f83-7vdb6jcu.ssmmessages.eu-central-1.vpce.amazonaws.com",
                "hosted_zone_id": "Z273ZU8SZ5RJPC"
              },
              {
                "dns_name": "vpce-07cd558fb5e2c0f83-7vdb6jcu-eu-central-1b.ssmmessages.eu-central-1.vpce.amazonaws.com",
                "hosted_zone_id": "Z273ZU8SZ5RJPC"
              },
              {
                "dns_name": "vpce-07cd558fb5e2c0f83-7vdb6jcu-eu-central-1a.ssmmessages.eu-central-1.vpce.amazonaws.com",
                "hosted_zone_id": "Z273ZU8SZ5RJPC"
              },
              {
                "dns_name": "ssmmessages.eu-central-1.amazonaws.com",
                "hosted_zone_id": "Z07173722IKXJEXHC7ZYZ"
              }
            ],
            "dns_options": [
              {
                "dns_record_ip_type": "ipv4",
                "private_dns_only_for_inbound_resolver_endpoint": false
              }
            ],
            "id": "vpce-07cd558fb5e2c0f83",
            "ip_address_type": "ipv4",
            "network_interface_ids": [
              "eni-00b5a7b611b8acfa3",
              "eni-0499d5ce102e97f8c"
            ],
            "owner_id": "637423458709",
            "policy": "{\"Statement\":[{\"Action\":\"*\",\"Effect\":\"Allow\",\"Principal\":\"*\",\"Resource\":\"*\"}]}",
            "prefix_list_id": null,
            "private_dns_enabled": true,
            "requester_managed": false,
            "route_table_ids": [],
            "security_group_ids": [
              "sg-0aff323b0fa0bc431"
            ],
            "service_name": "com.amazonaws.eu-central-1.ssmmessages",
            "state": "available",
            "subnet_configuration": [
              {
                "ipv4": "10.0.4.149",
                "ipv6": "",
                "subnet_id": "subnet-047f143745196f11b"
              },
              {
                "ipv4": "10.0.5.31",
                "ipv6": "",
                "subnet_id": "subnet-0d72ac342fedc0283"
              }
            ],
            "subnet_ids": [
              "subnet-047f143745196f11b",
              "subnet-0d72ac342fedc0283"
            ],
            "tags": {
              "Name": "terraform-workshop-endpoint-ssmmessages"
            },
            "tags_all": {
              "Management": "Terraform",
              "Name": "terraform-workshop-endpoint-ssmmessages"
            },
            "timeouts": null,
            "vpc_endpoint_type": "Interface",
            "vpc_id": "vpc-04d21dd89638a47fb"
          },
          "sensitive_attributes": [],
          "private": "eyJlMmJmYjczMC1lY2FhLTExZTYtOGY4OC0zNDM2M2JjN2M0YzAiOnsiY3JlYXRlIjo2MDAwMDAwMDAwMDAsImRlbGV0ZSI6NjAwMDAwMDAwMDAwLCJ1cGRhdGUiOjYwMDAwMDAwMDAwMH19",
          "dependencies": [
            "aws_security_group.any",
            "aws_subnet.private_ingress",
            "aws_vpc.default",
            "data.aws_availability_zones.available",
            "data.aws_region.current"
          ]
        }
      ]
    },
    {
      "mode": "managed",
      "type": "random_password",
      "name": "default",
      "provider": "provider[\"registry.terraform.io/hashicorp/random\"]",
      "instances": [
        {
          "schema_version": 3,
          "attributes": {
            "bcrypt_hash": "$2a$10$104J4Vel3defDjmx2Ew3CexyDMjHhJ20EB0j.slKNXUn2KLLxX3Xi",
            "id": "none",
            "keepers": null,
            "length": 25,
            "lower": true,
            "min_lower": 0,
            "min_numeric": 0,
            "min_special": 0,
            "min_upper": 0,
            "number": true,
            "numeric": true,
            "override_special": "!#$%\u0026*()-_=+[]{}\u003c\u003e:?",
            "result": "p7MtmbBcj5q35GgnJyFUKq1a7",
            "special": false,
            "upper": true
          },
          "sensitive_attributes": [
            [
              {
                "type": "get_attr",
                "value": "bcrypt_hash"
              }
            ],
            [
              {
                "type": "get_attr",
                "value": "result"
              }
            ]
          ],
          "create_before_destroy": true
        }
      ]
    },
    {
      "mode": "managed",
      "type": "tls_private_key",
      "name": "mission_app",
      "provider": "provider[\"registry.terraform.io/hashicorp/tls\"]",
      "instances": [
        {
          "schema_version": 1,
          "attributes": {
            "algorithm": "RSA",
            "ecdsa_curve": "P224",
            "id": "3c39e2f8f882bb07c2ac5fc185bc498af7eda2d6",
            "private_key_openssh": "-----BEGIN OPENSSH PRIVATE KEY-----\nb3BlbnNzaC1rZXktdjEAAAAABG5vbmUAAAAEbm9uZQAAAAAAAAABAAABFwAAAAdz\nc2gtcnNhAAAAAwEAAQAAAQEA1vBidGW2I/Hze2X4vdQ1ej1q7u3Nzvpp7uxN4uKU\nlCuU2T11Q+epwIOo3q4vUM37xtGClxBJdt65rsxUxiG3mflPW5exQyREfeu2KJ1p\nQZvnz8iiFwfiMLQL/F+t5jZ9U4irbh0Vlu4bxmaSRdml2spP46Dq6CtkzKc+Rdsr\nhBYUf8oae39mzjXyXVDpIwehr9Y4PZoRUVyNQR8fkeXaK7ay88r2Tt8c+QF9F1lc\nVPsTsZok2APW7q28FKljHesPzXQ+qYdBl0x0wQYmap6/Ui1Te6x4LKBCgWdiwPeD\nMwTvVRw0wiG/ZuFKLdUUqGH15GlMa5vcLqoechwyvh0lYwAAA7hJ3ZAaSd2QGgAA\nAAdzc2gtcnNhAAABAQDW8GJ0ZbYj8fN7Zfi91DV6PWru7c3O+mnu7E3i4pSUK5TZ\nPXVD56nAg6jeri9QzfvG0YKXEEl23rmuzFTGIbeZ+U9bl7FDJER967YonWlBm+fP\nyKIXB+IwtAv8X63mNn1TiKtuHRWW7hvGZpJF2aXayk/joOroK2TMpz5F2yuEFhR/\nyhp7f2bONfJdUOkjB6Gv1jg9mhFRXI1BHx+R5dortrLzyvZO3xz5AX0XWVxU+xOx\nmiTYA9burbwUqWMd6w/NdD6ph0GXTHTBBiZqnr9SLVN7rHgsoEKBZ2LA94MzBO9V\nHDTCIb9m4Uot1RSoYfXkaUxrm9wuqh5yHDK+HSVjAAAAAwEAAQAAAQAf15ruXYcf\nSh/lHxU7oi2N/31RCj/cMvLwp2defmy+irpReK5fsflPAPJKkwmFcg6jxLQRByOr\nDZH6mGDSvXoCwJGGIzHqnXvcH8hrue42/w7XlISW3t8ekf3YlKAho97rOisTdBGX\nu4y31shCuty8Tg6JzXQfkxYqz3gFR1PqDEnSxmkK26YtHIbvlY1o5T1k4v6FaDR2\nf1QX1KwDTHkq3MkFn+2UAJyCvpnbhUpByzCm5dwAyaLAmCNRgcocdEpvMKkO5vV6\nE9OcOaIFLP3nmWS+1V6XsFumdCCPCJ9h3xmv/HiTi+qAcmJmp3jxUqyvQU5B7GVS\nfVfcNgpKdIWhAAAAgQCJmstp+SgpORhdQIihAW6UR02zM8SGx9oLzHI5SvxGjhAx\nlCGq0MYZSyp713tvyXzomR3YeqJUy1OF74Wa+MkibcYxDqgPJO88FK/44RRDJb8B\nYeUyMZd6x7jrZlKq/ClJdj3XYAL8Phnob/Zuk2CVyy2cKiUfqbSflBJozBkBdwAA\nAIEA48jJVUgRV6PppLpwVqhfvPNoJBI5LOe0uX4gsWY/691b7Ix6Wl0BUWaxdyqG\n9VfPqF7zLIXHi0DHFUe3zcayTipLntGAPDQ69SuWCfLY2GzBk0djbaA6vfpHCoVf\nygYQNbXUkLdNJhu9O6V4v8ozwtc2CPUkOuSGgmZS13BeQpEAAACBAPGQQ2e/hwc1\naBEYESQRRmfvtEH8NvH/7aHYHsmB73u7OfNm13I1C5TnG1oPVTCeDQ8I9/JRnLug\n9SEndbGMGphcH2porYv9tFnZzUlnG83v6D9/4JbSI6tsr5JKEEN8QYtspoWWbqle\nNRgTnBJmvyqkaroOiV5mGOUsnc+fg/qzAAAAAAEC\n-----END OPENSSH PRIVATE KEY-----\n",
            "private_key_pem": "-----BEGIN RSA PRIVATE KEY-----\nMIIEowIBAAKCAQEA1vBidGW2I/Hze2X4vdQ1ej1q7u3Nzvpp7uxN4uKUlCuU2T11\nQ+epwIOo3q4vUM37xtGClxBJdt65rsxUxiG3mflPW5exQyREfeu2KJ1pQZvnz8ii\nFwfiMLQL/F+t5jZ9U4irbh0Vlu4bxmaSRdml2spP46Dq6CtkzKc+RdsrhBYUf8oa\ne39mzjXyXVDpIwehr9Y4PZoRUVyNQR8fkeXaK7ay88r2Tt8c+QF9F1lcVPsTsZok\n2APW7q28FKljHesPzXQ+qYdBl0x0wQYmap6/Ui1Te6x4LKBCgWdiwPeDMwTvVRw0\nwiG/ZuFKLdUUqGH15GlMa5vcLqoechwyvh0lYwIDAQABAoIBAB/Xmu5dhx9KH+Uf\nFTuiLY3/fVEKP9wy8vCnZ15+bL6KulF4rl+x+U8A8kqTCYVyDqPEtBEHI6sNkfqY\nYNK9egLAkYYjMeqde9wfyGu57jb/DteUhJbe3x6R/diUoCGj3us6KxN0EZe7jLfW\nyEK63LxODonNdB+TFirPeAVHU+oMSdLGaQrbpi0chu+VjWjlPWTi/oVoNHZ/VBfU\nrANMeSrcyQWf7ZQAnIK+mduFSkHLMKbl3ADJosCYI1GByhx0Sm8wqQ7m9XoT05w5\nogUs/eeZZL7VXpewW6Z0II8In2HfGa/8eJOL6oByYmanePFSrK9BTkHsZVJ9V9w2\nCkp0haECgYEA48jJVUgRV6PppLpwVqhfvPNoJBI5LOe0uX4gsWY/691b7Ix6Wl0B\nUWaxdyqG9VfPqF7zLIXHi0DHFUe3zcayTipLntGAPDQ69SuWCfLY2GzBk0djbaA6\nvfpHCoVfygYQNbXUkLdNJhu9O6V4v8ozwtc2CPUkOuSGgmZS13BeQpECgYEA8ZBD\nZ7+HBzVoERgRJBFGZ++0Qfw28f/todgeyYHve7s582bXcjULlOcbWg9VMJ4NDwj3\n8lGcu6D1ISd1sYwamFwfamiti/20WdnNSWcbze/oP3/gltIjq2yvkkoQQ3xBi2ym\nhZZuqV41GBOcEma/KqRqug6JXmYY5Sydz5+D+rMCgYAt6rzDJzrvusgPf9HDdj+O\nXFbC5rWF2tNwjP9UI3OBPWcZYRwM+TCZ0yS1C+qWrHPc0f8dG36lEJLRNFrV7Vbm\nMNp7kmnSOQklgPrG2KBjyFChOsPNRn5w63HEqiwsElrUKOpHndu8cd0MmAemScFz\nZmSrG5eJE6YVxUCv0yP9MQKBgB0IruFYZt1Z8PElCGJiZSj26Z6Itv3tOd2bAVBM\n+sDPZw63TKvgbkzuXh47+4xFYuJsvIh2gLUYin36pS263jNz1x7OCBXsX3HxOLha\n2T+uVybSsubNyRXAkXWuyzehRquAWp9xzkkzFoSXTsnzaYSxkFZeiuo6sUFSVIFw\n9cb7AoGBAImay2n5KCk5GF1AiKEBbpRHTbMzxIbH2gvMcjlK/EaOEDGUIarQxhlL\nKnvXe2/JfOiZHdh6olTLU4XvhZr4ySJtxjEOqA8k7zwUr/jhFEMlvwFh5TIxl3rH\nuOtmUqr8KUl2PddgAvw+Gehv9m6TYJXLLZwqJR+ptJ+UEmjMGQF3\n-----END RSA PRIVATE KEY-----\n",
            "private_key_pem_pkcs8": "-----BEGIN PRIVATE KEY-----\nMIIEvQIBADANBgkqhkiG9w0BAQEFAASCBKcwggSjAgEAAoIBAQDW8GJ0ZbYj8fN7\nZfi91DV6PWru7c3O+mnu7E3i4pSUK5TZPXVD56nAg6jeri9QzfvG0YKXEEl23rmu\nzFTGIbeZ+U9bl7FDJER967YonWlBm+fPyKIXB+IwtAv8X63mNn1TiKtuHRWW7hvG\nZpJF2aXayk/joOroK2TMpz5F2yuEFhR/yhp7f2bONfJdUOkjB6Gv1jg9mhFRXI1B\nHx+R5dortrLzyvZO3xz5AX0XWVxU+xOxmiTYA9burbwUqWMd6w/NdD6ph0GXTHTB\nBiZqnr9SLVN7rHgsoEKBZ2LA94MzBO9VHDTCIb9m4Uot1RSoYfXkaUxrm9wuqh5y\nHDK+HSVjAgMBAAECggEAH9ea7l2HH0of5R8VO6Itjf99UQo/3DLy8KdnXn5svoq6\nUXiuX7H5TwDySpMJhXIOo8S0EQcjqw2R+phg0r16AsCRhiMx6p173B/Ia7nuNv8O\n15SElt7fHpH92JSgIaPe6zorE3QRl7uMt9bIQrrcvE4Oic10H5MWKs94BUdT6gxJ\n0sZpCtumLRyG75WNaOU9ZOL+hWg0dn9UF9SsA0x5KtzJBZ/tlACcgr6Z24VKQcsw\npuXcAMmiwJgjUYHKHHRKbzCpDub1ehPTnDmiBSz955lkvtVel7BbpnQgjwifYd8Z\nr/x4k4vqgHJiZqd48VKsr0FOQexlUn1X3DYKSnSFoQKBgQDjyMlVSBFXo+mkunBW\nqF+882gkEjks57S5fiCxZj/r3VvsjHpaXQFRZrF3Kob1V8+oXvMshceLQMcVR7fN\nxrJOKkue0YA8NDr1K5YJ8tjYbMGTR2NtoDq9+kcKhV/KBhA1tdSQt00mG707pXi/\nyjPC1zYI9SQ65IaCZlLXcF5CkQKBgQDxkENnv4cHNWgRGBEkEUZn77RB/Dbx/+2h\n2B7Jge97uznzZtdyNQuU5xtaD1Uwng0PCPfyUZy7oPUhJ3WxjBqYXB9qaK2L/bRZ\n2c1JZxvN7+g/f+CW0iOrbK+SShBDfEGLbKaFlm6pXjUYE5wSZr8qpGq6DoleZhjl\nLJ3Pn4P6swKBgC3qvMMnOu+6yA9/0cN2P45cVsLmtYXa03CM/1Qjc4E9ZxlhHAz5\nMJnTJLUL6pasc9zR/x0bfqUQktE0WtXtVuYw2nuSadI5CSWA+sbYoGPIUKE6w81G\nfnDrccSqLCwSWtQo6ked27xx3QyYB6ZJwXNmZKsbl4kTphXFQK/TI/0xAoGAHQiu\n4Vhm3Vnw8SUIYmJlKPbpnoi2/e053ZsBUEz6wM9nDrdMq+BuTO5eHjv7jEVi4my8\niHaAtRiKffqlLbreM3PXHs4IFexfcfE4uFrZP65XJtKy5s3JFcCRda7LN6FGq4Ba\nn3HOSTMWhJdOyfNphLGQVl6K6jqxQVJUgXD1xvsCgYEAiZrLafkoKTkYXUCIoQFu\nlEdNszPEhsfaC8xyOUr8Ro4QMZQhqtDGGUsqe9d7b8l86Jkd2HqiVMtThe+FmvjJ\nIm3GMQ6oDyTvPBSv+OEUQyW/AWHlMjGXese462ZSqvwpSXY912AC/D4Z6G/2bpNg\nlcstnColH6m0n5QSaMwZAXc=\n-----END PRIVATE KEY-----\n",
            "public_key_fingerprint_md5": "fb:1a:45:22:87:91:56:c4:8f:51:13:0c:d9:e1:d7:5b",
            "public_key_fingerprint_sha256": "SHA256:1U8Lc3wcVZ7Tyg8vxukX4c+ACoIm74aipzeZDZzI7e4",
            "public_key_openssh": "ssh-rsa AAAAB3NzaC1yc2EAAAADAQABAAABAQDW8GJ0ZbYj8fN7Zfi91DV6PWru7c3O+mnu7E3i4pSUK5TZPXVD56nAg6jeri9QzfvG0YKXEEl23rmuzFTGIbeZ+U9bl7FDJER967YonWlBm+fPyKIXB+IwtAv8X63mNn1TiKtuHRWW7hvGZpJF2aXayk/joOroK2TMpz5F2yuEFhR/yhp7f2bONfJdUOkjB6Gv1jg9mhFRXI1BHx+R5dortrLzyvZO3xz5AX0XWVxU+xOxmiTYA9burbwUqWMd6w/NdD6ph0GXTHTBBiZqnr9SLVN7rHgsoEKBZ2LA94MzBO9VHDTCIb9m4Uot1RSoYfXkaUxrm9wuqh5yHDK+HSVj\n",
            "public_key_pem": "-----BEGIN PUBLIC KEY-----\nMIIBIjANBgkqhkiG9w0BAQEFAAOCAQ8AMIIBCgKCAQEA1vBidGW2I/Hze2X4vdQ1\nej1q7u3Nzvpp7uxN4uKUlCuU2T11Q+epwIOo3q4vUM37xtGClxBJdt65rsxUxiG3\nmflPW5exQyREfeu2KJ1pQZvnz8iiFwfiMLQL/F+t5jZ9U4irbh0Vlu4bxmaSRdml\n2spP46Dq6CtkzKc+RdsrhBYUf8oae39mzjXyXVDpIwehr9Y4PZoRUVyNQR8fkeXa\nK7ay88r2Tt8c+QF9F1lcVPsTsZok2APW7q28FKljHesPzXQ+qYdBl0x0wQYmap6/\nUi1Te6x4LKBCgWdiwPeDMwTvVRw0wiG/ZuFKLdUUqGH15GlMa5vcLqoechwyvh0l\nYwIDAQAB\n-----END PUBLIC KEY-----\n",
            "rsa_bits": 2048
          },
          "sensitive_attributes": [
            [
              {
                "type": "get_attr",
                "value": "private_key_pem_pkcs8"
              }
            ],
            [
              {
                "type": "get_attr",
                "value": "private_key_openssh"
              }
            ],
            [
              {
                "type": "get_attr",
                "value": "private_key_pem"
              }
            ]
          ],
          "create_before_destroy": true
        }
      ]
    },
    {
      "mode": "managed",
      "type": "tls_self_signed_cert",
      "name": "mission_app",
      "provider": "provider[\"registry.terraform.io/hashicorp/tls\"]",
      "instances": [
        {
          "schema_version": 0,
          "attributes": {
            "allowed_uses": [
              "key_encipherment",
              "digital_signature",
              "server_auth"
            ],
            "cert_pem": "-----BEGIN CERTIFICATE-----\nMIIEUjCCAzqgAwIBAgIQSbadcCbCFtAdeC3rGSan3DANBgkqhkiG9w0BAQsFADCB\nojEMMAoGA1UEBhMDVVNBMRIwEAYDVQQHEwlTYW4gRGllZ28xHDAaBgNVBAoTE0Ft\nYXpvbiBXZWIgU2VydmljZXMxFjAUBgNVBAsTDVdXUFMgUHJvU2VydmUxSDBGBgNV\nBAMTP3RlcnJhZm9ybS13b3Jrc2hvcC1hbGItODM0MjA5NzczLmV1LWNlbnRyYWwt\nMS5lbGIuYW1hem9uYXdzLmNvbTAeFw0yNDA4MjExODA3MzJaFw0yNTA4MjExODA3\nMzJaMIGiMQwwCgYDVQQGEwNVU0ExEjAQBgNVBAcTCVNhbiBEaWVnbzEcMBoGA1UE\nChMTQW1hem9uIFdlYiBTZXJ2aWNlczEWMBQGA1UECxMNV1dQUyBQcm9TZXJ2ZTFI\nMEYGA1UEAxM/dGVycmFmb3JtLXdvcmtzaG9wLWFsYi04MzQyMDk3NzMuZXUtY2Vu\ndHJhbC0xLmVsYi5hbWF6b25hd3MuY29tMIIBIjANBgkqhkiG9w0BAQEFAAOCAQ8A\nMIIBCgKCAQEA1vBidGW2I/Hze2X4vdQ1ej1q7u3Nzvpp7uxN4uKUlCuU2T11Q+ep\nwIOo3q4vUM37xtGClxBJdt65rsxUxiG3mflPW5exQyREfeu2KJ1pQZvnz8iiFwfi\nMLQL/F+t5jZ9U4irbh0Vlu4bxmaSRdml2spP46Dq6CtkzKc+RdsrhBYUf8oae39m\nzjXyXVDpIwehr9Y4PZoRUVyNQR8fkeXaK7ay88r2Tt8c+QF9F1lcVPsTsZok2APW\n7q28FKljHesPzXQ+qYdBl0x0wQYmap6/Ui1Te6x4LKBCgWdiwPeDMwTvVRw0wiG/\nZuFKLdUUqGH15GlMa5vcLqoechwyvh0lYwIDAQABo4GBMH8wDgYDVR0PAQH/BAQD\nAgWgMBMGA1UdJQQMMAoGCCsGAQUFBwMBMAwGA1UdEwEB/wQCMAAwSgYDVR0RBEMw\nQYI/dGVycmFmb3JtLXdvcmtzaG9wLWFsYi04MzQyMDk3NzMuZXUtY2VudHJhbC0x\nLmVsYi5hbWF6b25hd3MuY29tMA0GCSqGSIb3DQEBCwUAA4IBAQBHouSwjGwNSov9\npIldgzhKGZvHYZ2zsYrOddah3DN98wDp571gckO0rXFR87Gb2Tewjoka20gU+c0I\nOljidTEMZ5eyIi3YzAIDWxjl3NLEbaMyyZnVpSFOwvVB+hd2vcBk8jNP6Qpf6sf0\nNaD1X5/R8l16qYw2Q46RghnD/joQoWi1T/iBNGBqHDwcVQFMiKN3NLah8jLjuSl4\nyN2BWLQjUwh4DeBSFGe42lN+LO8/IothVOSO1kqqn9wwE96VuyxpshEX+GFQ7hPt\nLemcadK/e3qcDh1TziQapKXiq2ua3wid4lg6u4GigjyNQNZkXSfHbfuC4APvdxFM\nvC0JO8XU\n-----END CERTIFICATE-----\n",
            "dns_names": [
              "terraform-workshop-alb-834209773.eu-central-1.elb.amazonaws.com"
            ],
            "early_renewal_hours": 3,
            "id": "97981834944409241973558074775041386460",
            "ip_addresses": null,
            "is_ca_certificate": false,
            "key_algorithm": "RSA",
            "private_key_pem": "-----BEGIN RSA PRIVATE KEY-----\nMIIEowIBAAKCAQEA1vBidGW2I/Hze2X4vdQ1ej1q7u3Nzvpp7uxN4uKUlCuU2T11\nQ+epwIOo3q4vUM37xtGClxBJdt65rsxUxiG3mflPW5exQyREfeu2KJ1pQZvnz8ii\nFwfiMLQL/F+t5jZ9U4irbh0Vlu4bxmaSRdml2spP46Dq6CtkzKc+RdsrhBYUf8oa\ne39mzjXyXVDpIwehr9Y4PZoRUVyNQR8fkeXaK7ay88r2Tt8c+QF9F1lcVPsTsZok\n2APW7q28FKljHesPzXQ+qYdBl0x0wQYmap6/Ui1Te6x4LKBCgWdiwPeDMwTvVRw0\nwiG/ZuFKLdUUqGH15GlMa5vcLqoechwyvh0lYwIDAQABAoIBAB/Xmu5dhx9KH+Uf\nFTuiLY3/fVEKP9wy8vCnZ15+bL6KulF4rl+x+U8A8kqTCYVyDqPEtBEHI6sNkfqY\nYNK9egLAkYYjMeqde9wfyGu57jb/DteUhJbe3x6R/diUoCGj3us6KxN0EZe7jLfW\nyEK63LxODonNdB+TFirPeAVHU+oMSdLGaQrbpi0chu+VjWjlPWTi/oVoNHZ/VBfU\nrANMeSrcyQWf7ZQAnIK+mduFSkHLMKbl3ADJosCYI1GByhx0Sm8wqQ7m9XoT05w5\nogUs/eeZZL7VXpewW6Z0II8In2HfGa/8eJOL6oByYmanePFSrK9BTkHsZVJ9V9w2\nCkp0haECgYEA48jJVUgRV6PppLpwVqhfvPNoJBI5LOe0uX4gsWY/691b7Ix6Wl0B\nUWaxdyqG9VfPqF7zLIXHi0DHFUe3zcayTipLntGAPDQ69SuWCfLY2GzBk0djbaA6\nvfpHCoVfygYQNbXUkLdNJhu9O6V4v8ozwtc2CPUkOuSGgmZS13BeQpECgYEA8ZBD\nZ7+HBzVoERgRJBFGZ++0Qfw28f/todgeyYHve7s582bXcjULlOcbWg9VMJ4NDwj3\n8lGcu6D1ISd1sYwamFwfamiti/20WdnNSWcbze/oP3/gltIjq2yvkkoQQ3xBi2ym\nhZZuqV41GBOcEma/KqRqug6JXmYY5Sydz5+D+rMCgYAt6rzDJzrvusgPf9HDdj+O\nXFbC5rWF2tNwjP9UI3OBPWcZYRwM+TCZ0yS1C+qWrHPc0f8dG36lEJLRNFrV7Vbm\nMNp7kmnSOQklgPrG2KBjyFChOsPNRn5w63HEqiwsElrUKOpHndu8cd0MmAemScFz\nZmSrG5eJE6YVxUCv0yP9MQKBgB0IruFYZt1Z8PElCGJiZSj26Z6Itv3tOd2bAVBM\n+sDPZw63TKvgbkzuXh47+4xFYuJsvIh2gLUYin36pS263jNz1x7OCBXsX3HxOLha\n2T+uVybSsubNyRXAkXWuyzehRquAWp9xzkkzFoSXTsnzaYSxkFZeiuo6sUFSVIFw\n9cb7AoGBAImay2n5KCk5GF1AiKEBbpRHTbMzxIbH2gvMcjlK/EaOEDGUIarQxhlL\nKnvXe2/JfOiZHdh6olTLU4XvhZr4ySJtxjEOqA8k7zwUr/jhFEMlvwFh5TIxl3rH\nuOtmUqr8KUl2PddgAvw+Gehv9m6TYJXLLZwqJR+ptJ+UEmjMGQF3\n-----END RSA PRIVATE KEY-----\n",
            "ready_for_renewal": false,
            "set_authority_key_id": false,
            "set_subject_key_id": false,
            "subject": [
              {
                "common_name": "terraform-workshop-alb-834209773.eu-central-1.elb.amazonaws.com",
                "country": "USA",
                "locality": "San Diego",
                "organization": "Amazon Web Services",
                "organizational_unit": "WWPS ProServe",
                "postal_code": null,
                "province": null,
                "serial_number": null,
                "street_address": null
              }
            ],
            "uris": null,
            "validity_end_time": "2025-08-21T20:07:32.7012655+02:00",
            "validity_period_hours": 8760,
            "validity_start_time": "2024-08-21T20:07:32.7012655+02:00"
          },
          "sensitive_attributes": [
            [
              {
                "type": "get_attr",
                "value": "private_key_pem"
              }
            ]
          ],
          "dependencies": [
            "aws_lb.mission_app",
            "aws_security_group.app",
            "aws_subnet.private",
            "aws_vpc.default",
            "data.aws_availability_zones.available",
            "tls_private_key.mission_app"
          ],
          "create_before_destroy": true
        }
      ]
    }
  ],
  "check_results": null
}
